<?xml version="1.0"?>
<plist version="1.0">
	<dict>
		<key>archiveVersion</key>
		<string>1</string>
		<key>classes</key>
		<dict />
		<key>objectVersion</key>
		<string>46</string>
		<key>objects</key>
		<dict>
			<key>62BAEE2972A55066651EA694</key>
			<dict>
				<key>children</key>
				<array>
					<string>81AC32CCCB56FAABA3E1BDE0</string>
				</array>
				<key>isa</key>
				<string>PBXGroup</string>
				<key>name</key>
				<string>frameworks</string>
				<key>sourceTree</key>
				<string>&lt;group&gt;</string>
			</dict>
			<key>631702104AFC104323A9EB79</key>
			<dict>
				<key>fileRef</key>
				<string>81AC32CCCB56FAABA3E1BDE0</string>
				<key>isa</key>
				<string>PBXBuildFile</string>
			</dict>
			<key>81AC32CCCB56FAABA3E1BDE0</key>
			<dict>
				<key>lastKnownFileType</key>
				<string>wrapper.framework</string>
				<key>isa</key>
				<string>PBXFileReference</string>
				<key>name</key>
				<string>CoreMIDI.framework</string>
				<key>path</key>
				<string>/System/Library/Frameworks/CoreMIDI.framework</string>
				<key>sourceTree</key>
				<string>&lt;group&gt;</string>
			</dict>
			<key>6E21C43F9C7C342FB03E1368</key>
			<dict>
				<key>explicitFileType</key>
				<string>sourcecode.c.h</string>
				<key>fileEncoding</key>
				<string>30</string>
				<key>isa</key>
				<string>PBXFileReference</string>
				<key>name</key>
				<string>RtMidi.h</string>
				<key>path</key>
				<string>../../../addons/ofxMidi-master/libs/rtmidi/RtMidi.h</string>
				<key>sourceTree</key>
				<string>SOURCE_ROOT</string>
			</dict>
			<key>6BD5508836432B4DE21A3F31</key>
			<dict>
				<key>children</key>
				<array>
					<string>5804BEC41024ADBCFFE1F3F0</string>
					<string>6E21C43F9C7C342FB03E1368</string>
				</array>
				<key>isa</key>
				<string>PBXGroup</string>
				<key>name</key>
				<string>rtmidi</string>
				<key>sourceTree</key>
				<string>&lt;group&gt;</string>
			</dict>
			<key>BBAEBBAB419BE3BE7162102E</key>
			<dict>
				<key>children</key>
				<array>
					<string>6BD5508836432B4DE21A3F31</string>
				</array>
				<key>isa</key>
				<string>PBXGroup</string>
				<key>name</key>
				<string>libs</string>
				<key>sourceTree</key>
				<string>&lt;group&gt;</string>
			</dict>
			<key>9E981C12572F9DB6844352B5</key>
			<dict>
				<key>fileRef</key>
				<string>5804BEC41024ADBCFFE1F3F0</string>
				<key>isa</key>
				<string>PBXBuildFile</string>
			</dict>
			<key>5804BEC41024ADBCFFE1F3F0</key>
			<dict>
				<key>explicitFileType</key>
				<string>sourcecode.cpp.cpp</string>
				<key>fileEncoding</key>
				<string>30</string>
				<key>isa</key>
				<string>PBXFileReference</string>
				<key>name</key>
				<string>RtMidi.cpp</string>
				<key>path</key>
				<string>../../../addons/ofxMidi-master/libs/rtmidi/RtMidi.cpp</string>
				<key>sourceTree</key>
				<string>SOURCE_ROOT</string>
			</dict>
			<key>5E66816DCCF66467B081C288</key>
			<dict>
				<key>explicitFileType</key>
				<string>sourcecode.c.h</string>
				<key>fileEncoding</key>
				<string>30</string>
				<key>isa</key>
				<string>PBXFileReference</string>
				<key>name</key>
				<string>ofxBaseMidi.h</string>
				<key>path</key>
				<string>../../../addons/ofxMidi-master/src/ofxBaseMidi.h</string>
				<key>sourceTree</key>
				<string>SOURCE_ROOT</string>
			</dict>
			<key>BDE4C97101D98167CB95703E</key>
			<dict>
				<key>fileRef</key>
				<string>5865C47A6E5E99C653CD9062</string>
				<key>isa</key>
				<string>PBXBuildFile</string>
			</dict>
			<key>5865C47A6E5E99C653CD9062</key>
			<dict>
				<key>explicitFileType</key>
				<string>sourcecode.cpp.cpp</string>
				<key>fileEncoding</key>
				<string>30</string>
				<key>isa</key>
				<string>PBXFileReference</string>
				<key>name</key>
				<string>ofxMidiIn.cpp</string>
				<key>path</key>
				<string>../../../addons/ofxMidi-master/src/ofxMidiIn.cpp</string>
				<key>sourceTree</key>
				<string>SOURCE_ROOT</string>
			</dict>
			<key>0A3696FA2E2AE14389882FE7</key>
			<dict>
				<key>fileRef</key>
				<string>E18241EA11F99550CD8E9E77</string>
				<key>isa</key>
				<string>PBXBuildFile</string>
			</dict>
			<key>E18241EA11F99550CD8E9E77</key>
			<dict>
				<key>explicitFileType</key>
				<string>sourcecode.cpp.cpp</string>
				<key>fileEncoding</key>
				<string>30</string>
				<key>isa</key>
				<string>PBXFileReference</string>
				<key>name</key>
				<string>ofxMidi.cpp</string>
				<key>path</key>
				<string>../../../addons/ofxMidi-master/src/ofxMidi.cpp</string>
				<key>sourceTree</key>
				<string>SOURCE_ROOT</string>
			</dict>
			<key>E0B5E8C00F27652EDF1F86AC</key>
			<dict>
				<key>explicitFileType</key>
				<string>sourcecode.c.h</string>
				<key>fileEncoding</key>
				<string>30</string>
				<key>isa</key>
				<string>PBXFileReference</string>
				<key>name</key>
				<string>ofxMidi.h</string>
				<key>path</key>
				<string>../../../addons/ofxMidi-master/src/ofxMidi.h</string>
				<key>sourceTree</key>
				<string>SOURCE_ROOT</string>
			</dict>
			<key>6FE0377E63612340BB40AFA6</key>
			<dict>
				<key>explicitFileType</key>
				<string>sourcecode.c.h</string>
				<key>fileEncoding</key>
				<string>30</string>
				<key>isa</key>
				<string>PBXFileReference</string>
				<key>name</key>
				<string>ofxMidiTypes.h</string>
				<key>path</key>
				<string>../../../addons/ofxMidi-master/src/ofxMidiTypes.h</string>
				<key>sourceTree</key>
				<string>SOURCE_ROOT</string>
			</dict>
			<key>DE71C850A75409E1032D6A97</key>
			<dict>
				<key>fileRef</key>
				<string>BF1446D353DFD077DE3AD72E</string>
				<key>isa</key>
				<string>PBXBuildFile</string>
			</dict>
			<key>BF1446D353DFD077DE3AD72E</key>
			<dict>
				<key>explicitFileType</key>
				<string>sourcecode.cpp.cpp</string>
				<key>fileEncoding</key>
				<string>30</string>
				<key>isa</key>
				<string>PBXFileReference</string>
				<key>name</key>
				<string>ofxMidiMessage.cpp</string>
				<key>path</key>
				<string>../../../addons/ofxMidi-master/src/ofxMidiMessage.cpp</string>
				<key>sourceTree</key>
				<string>SOURCE_ROOT</string>
			</dict>
			<key>944A967826B8605F0F391FB5</key>
			<dict>
				<key>explicitFileType</key>
				<string>sourcecode.c.h</string>
				<key>fileEncoding</key>
				<string>30</string>
				<key>isa</key>
				<string>PBXFileReference</string>
				<key>name</key>
				<string>ofxMidiMessage.h</string>
				<key>path</key>
				<string>../../../addons/ofxMidi-master/src/ofxMidiMessage.h</string>
				<key>sourceTree</key>
				<string>SOURCE_ROOT</string>
			</dict>
			<key>6D3F8E897A68F746A93C70CE</key>
			<dict>
				<key>explicitFileType</key>
				<string>sourcecode.c.h</string>
				<key>fileEncoding</key>
				<string>30</string>
				<key>isa</key>
				<string>PBXFileReference</string>
				<key>name</key>
				<string>ofxRtMidiIn.h</string>
				<key>path</key>
				<string>../../../addons/ofxMidi-master/src/desktop/ofxRtMidiIn.h</string>
				<key>sourceTree</key>
				<string>SOURCE_ROOT</string>
			</dict>
			<key>8F01E049C62677A8022A3F1B</key>
			<dict>
				<key>fileRef</key>
				<string>10DDC9BD5647336FE5E9B6E7</string>
				<key>isa</key>
				<string>PBXBuildFile</string>
			</dict>
			<key>10DDC9BD5647336FE5E9B6E7</key>
			<dict>
				<key>explicitFileType</key>
				<string>sourcecode.cpp.cpp</string>
				<key>fileEncoding</key>
				<string>30</string>
				<key>isa</key>
				<string>PBXFileReference</string>
				<key>name</key>
				<string>ofxRtMidiOut.cpp</string>
				<key>path</key>
				<string>../../../addons/ofxMidi-master/src/desktop/ofxRtMidiOut.cpp</string>
				<key>sourceTree</key>
				<string>SOURCE_ROOT</string>
			</dict>
			<key>22BFC38F7AF15A550BD91456</key>
			<dict>
				<key>fileRef</key>
				<string>F87237664D59FF78E990E9A6</string>
				<key>isa</key>
				<string>PBXBuildFile</string>
			</dict>
			<key>F87237664D59FF78E990E9A6</key>
			<dict>
				<key>explicitFileType</key>
				<string>sourcecode.cpp.cpp</string>
				<key>fileEncoding</key>
				<string>30</string>
				<key>isa</key>
				<string>PBXFileReference</string>
				<key>name</key>
				<string>ofxRtMidiIn.cpp</string>
				<key>path</key>
				<string>../../../addons/ofxMidi-master/src/desktop/ofxRtMidiIn.cpp</string>
				<key>sourceTree</key>
				<string>SOURCE_ROOT</string>
			</dict>
			<key>7A658BB8F2DA3AB669A04E81</key>
			<dict>
				<key>children</key>
				<array>
					<string>1BD6D875508393E7C685E55C</string>
					<string>F87237664D59FF78E990E9A6</string>
					<string>10DDC9BD5647336FE5E9B6E7</string>
					<string>6D3F8E897A68F746A93C70CE</string>
				</array>
				<key>isa</key>
				<string>PBXGroup</string>
				<key>name</key>
				<string>desktop</string>
				<key>sourceTree</key>
				<string>&lt;group&gt;</string>
			</dict>
			<key>1BD6D875508393E7C685E55C</key>
			<dict>
				<key>explicitFileType</key>
				<string>sourcecode.c.h</string>
				<key>fileEncoding</key>
				<string>30</string>
				<key>isa</key>
				<string>PBXFileReference</string>
				<key>name</key>
				<string>ofxRtMidiOut.h</string>
				<key>path</key>
				<string>../../../addons/ofxMidi-master/src/desktop/ofxRtMidiOut.h</string>
				<key>sourceTree</key>
				<string>SOURCE_ROOT</string>
			</dict>
			<key>F9E2A01D3BECDFA051E56291</key>
			<dict>
				<key>explicitFileType</key>
				<string>sourcecode.c.h</string>
				<key>fileEncoding</key>
				<string>30</string>
				<key>isa</key>
				<string>PBXFileReference</string>
				<key>name</key>
				<string>ofxMidiOut.h</string>
				<key>path</key>
				<string>../../../addons/ofxMidi-master/src/ofxMidiOut.h</string>
				<key>sourceTree</key>
				<string>SOURCE_ROOT</string>
			</dict>
			<key>6DC563FE343B01CB8D57915B</key>
			<dict>
				<key>fileRef</key>
				<string>EF66C8747655B01300F8C6B0</string>
				<key>isa</key>
				<string>PBXBuildFile</string>
			</dict>
			<key>EF66C8747655B01300F8C6B0</key>
			<dict>
				<key>explicitFileType</key>
				<string>sourcecode.cpp.cpp</string>
				<key>fileEncoding</key>
				<string>30</string>
				<key>isa</key>
				<string>PBXFileReference</string>
				<key>name</key>
				<string>ofxMidiOut.cpp</string>
				<key>path</key>
				<string>../../../addons/ofxMidi-master/src/ofxMidiOut.cpp</string>
				<key>sourceTree</key>
				<string>SOURCE_ROOT</string>
			</dict>
			<key>DB0A4D1FB83A4FC7194CDCFE</key>
			<dict>
				<key>fileRef</key>
				<string>65FBB08433F79F3524AC0403</string>
				<key>isa</key>
				<string>PBXBuildFile</string>
			</dict>
			<key>65FBB08433F79F3524AC0403</key>
			<dict>
				<key>explicitFileType</key>
				<string>sourcecode.cpp.cpp</string>
				<key>fileEncoding</key>
				<string>30</string>
				<key>isa</key>
				<string>PBXFileReference</string>
				<key>name</key>
				<string>ofxBaseMidi.cpp</string>
				<key>path</key>
				<string>../../../addons/ofxMidi-master/src/ofxBaseMidi.cpp</string>
				<key>sourceTree</key>
				<string>SOURCE_ROOT</string>
			</dict>
			<key>FA9E4398B3F06BF5A6CA1406</key>
			<dict>
				<key>explicitFileType</key>
				<string>sourcecode.c.h</string>
				<key>fileEncoding</key>
				<string>30</string>
				<key>isa</key>
				<string>PBXFileReference</string>
				<key>name</key>
				<string>ofxMidiConstants.h</string>
				<key>path</key>
				<string>../../../addons/ofxMidi-master/src/ofxMidiConstants.h</string>
				<key>sourceTree</key>
				<string>SOURCE_ROOT</string>
			</dict>
			<key>1142FE761265F0E5BE1C763D</key>
			<dict>
				<key>children</key>
				<array>
					<string>2DCEB750A0155255CCB8D001</string>
					<string>FA9E4398B3F06BF5A6CA1406</string>
					<string>65FBB08433F79F3524AC0403</string>
					<string>EF66C8747655B01300F8C6B0</string>
					<string>F9E2A01D3BECDFA051E56291</string>
					<string>7A658BB8F2DA3AB669A04E81</string>
					<string>944A967826B8605F0F391FB5</string>
					<string>BF1446D353DFD077DE3AD72E</string>
					<string>6FE0377E63612340BB40AFA6</string>
					<string>E0B5E8C00F27652EDF1F86AC</string>
					<string>E18241EA11F99550CD8E9E77</string>
					<string>5865C47A6E5E99C653CD9062</string>
					<string>5E66816DCCF66467B081C288</string>
				</array>
				<key>isa</key>
				<string>PBXGroup</string>
				<key>name</key>
				<string>src</string>
				<key>sourceTree</key>
				<string>&lt;group&gt;</string>
			</dict>
			<key>CC8CFC3787B72BBDC9835809</key>
			<dict>
				<key>children</key>
				<array>
					<string>1142FE761265F0E5BE1C763D</string>
					<string>BBAEBBAB419BE3BE7162102E</string>
					<string>62BAEE2972A55066651EA694</string>
				</array>
				<key>isa</key>
				<string>PBXGroup</string>
				<key>name</key>
				<string>ofxMidi-master</string>
				<key>sourceTree</key>
				<string>&lt;group&gt;</string>
			</dict>
			<key>2DCEB750A0155255CCB8D001</key>
			<dict>
				<key>explicitFileType</key>
				<string>sourcecode.c.h</string>
				<key>fileEncoding</key>
				<string>30</string>
				<key>isa</key>
				<string>PBXFileReference</string>
				<key>name</key>
				<string>ofxMidiIn.h</string>
				<key>path</key>
				<string>../../../addons/ofxMidi-master/src/ofxMidiIn.h</string>
				<key>sourceTree</key>
				<string>SOURCE_ROOT</string>
			</dict>
			<key>89449E3044D456F7DE7BEA14</key>
			<dict>
				<key>explicitFileType</key>
				<string>sourcecode.c.h</string>
				<key>fileEncoding</key>
				<string>30</string>
				<key>isa</key>
				<string>PBXFileReference</string>
				<key>name</key>
				<string>ofxPanel.h</string>
				<key>path</key>
				<string>../../../addons/ofxGui/src/ofxPanel.h</string>
				<key>sourceTree</key>
				<string>SOURCE_ROOT</string>
			</dict>
			<key>837220E80EB56CD44AD27F2A</key>
			<dict>
				<key>fileRef</key>
				<string>15F2C6477A769C03A56D1401</string>
				<key>isa</key>
				<string>PBXBuildFile</string>
			</dict>
			<key>15F2C6477A769C03A56D1401</key>
			<dict>
				<key>explicitFileType</key>
				<string>sourcecode.cpp.cpp</string>
				<key>fileEncoding</key>
				<string>30</string>
				<key>isa</key>
				<string>PBXFileReference</string>
				<key>name</key>
				<string>ofxSlider.cpp</string>
				<key>path</key>
				<string>../../../addons/ofxGui/src/ofxSlider.cpp</string>
				<key>sourceTree</key>
				<string>SOURCE_ROOT</string>
			</dict>
			<key>F285EB3169F1566CA3D93C20</key>
			<dict>
				<key>fileRef</key>
				<string>E112B3AEBEA2C091BF2B40AE</string>
				<key>isa</key>
				<string>PBXBuildFile</string>
			</dict>
			<key>E112B3AEBEA2C091BF2B40AE</key>
			<dict>
				<key>explicitFileType</key>
				<string>sourcecode.cpp.cpp</string>
				<key>fileEncoding</key>
				<string>30</string>
				<key>isa</key>
				<string>PBXFileReference</string>
				<key>name</key>
				<string>ofxPanel.cpp</string>
				<key>path</key>
				<string>../../../addons/ofxGui/src/ofxPanel.cpp</string>
				<key>sourceTree</key>
				<string>SOURCE_ROOT</string>
			</dict>
			<key>C70D8946940288799E82131E</key>
			<dict>
				<key>explicitFileType</key>
				<string>sourcecode.c.h</string>
				<key>fileEncoding</key>
				<string>30</string>
				<key>isa</key>
				<string>PBXFileReference</string>
				<key>name</key>
				<string>ofxSliderGroup.h</string>
				<key>path</key>
				<string>../../../addons/ofxGui/src/ofxSliderGroup.h</string>
				<key>sourceTree</key>
				<string>SOURCE_ROOT</string>
			</dict>
			<key>B87C60311EC1FE841C1ECD89</key>
			<dict>
				<key>explicitFileType</key>
				<string>sourcecode.c.h</string>
				<key>fileEncoding</key>
				<string>30</string>
				<key>isa</key>
				<string>PBXFileReference</string>
				<key>name</key>
				<string>ofxLabel.h</string>
				<key>path</key>
				<string>../../../addons/ofxGui/src/ofxLabel.h</string>
				<key>sourceTree</key>
				<string>SOURCE_ROOT</string>
			</dict>
			<key>2834D88A62CD23F3DE2C47D1</key>
			<dict>
				<key>explicitFileType</key>
				<string>sourcecode.c.h</string>
				<key>fileEncoding</key>
				<string>30</string>
				<key>isa</key>
				<string>PBXFileReference</string>
				<key>name</key>
				<string>ofxButton.h</string>
				<key>path</key>
				<string>../../../addons/ofxGui/src/ofxButton.h</string>
				<key>sourceTree</key>
				<string>SOURCE_ROOT</string>
			</dict>
			<key>87F26B4B24CBD428AD9EEBAA</key>
			<dict>
				<key>explicitFileType</key>
				<string>sourcecode.c.h</string>
				<key>fileEncoding</key>
				<string>30</string>
				<key>isa</key>
				<string>PBXFileReference</string>
				<key>name</key>
				<string>ofxBaseGui.h</string>
				<key>path</key>
				<string>../../../addons/ofxGui/src/ofxBaseGui.h</string>
				<key>sourceTree</key>
				<string>SOURCE_ROOT</string>
			</dict>
			<key>17E65988300FBD9AAA2CD0CA</key>
			<dict>
				<key>explicitFileType</key>
				<string>sourcecode.c.h</string>
				<key>fileEncoding</key>
				<string>30</string>
				<key>isa</key>
				<string>PBXFileReference</string>
				<key>name</key>
				<string>ofxGui.h</string>
				<key>path</key>
				<string>../../../addons/ofxGui/src/ofxGui.h</string>
				<key>sourceTree</key>
				<string>SOURCE_ROOT</string>
			</dict>
			<key>52AFA1F08C420992CAAAE648</key>
			<dict>
				<key>explicitFileType</key>
				<string>sourcecode.c.h</string>
				<key>fileEncoding</key>
				<string>30</string>
				<key>isa</key>
				<string>PBXFileReference</string>
				<key>name</key>
				<string>ofxSlider.h</string>
				<key>path</key>
				<string>../../../addons/ofxGui/src/ofxSlider.h</string>
				<key>sourceTree</key>
				<string>SOURCE_ROOT</string>
			</dict>
			<key>483908258D00B98B4BE69F07</key>
			<dict>
				<key>fileRef</key>
				<string>78D67A00EB899FAC09430597</string>
				<key>isa</key>
				<string>PBXBuildFile</string>
			</dict>
			<key>78D67A00EB899FAC09430597</key>
			<dict>
				<key>explicitFileType</key>
				<string>sourcecode.cpp.cpp</string>
				<key>fileEncoding</key>
				<string>30</string>
				<key>isa</key>
				<string>PBXFileReference</string>
				<key>name</key>
				<string>ofxLabel.cpp</string>
				<key>path</key>
				<string>../../../addons/ofxGui/src/ofxLabel.cpp</string>
				<key>sourceTree</key>
				<string>SOURCE_ROOT</string>
			</dict>
			<key>0A1DAC09F322AE313A40706D</key>
			<dict>
				<key>explicitFileType</key>
				<string>sourcecode.c.h</string>
				<key>fileEncoding</key>
				<string>30</string>
				<key>isa</key>
				<string>PBXFileReference</string>
				<key>name</key>
				<string>ofxToggle.h</string>
				<key>path</key>
				<string>../../../addons/ofxGui/src/ofxToggle.h</string>
				<key>sourceTree</key>
				<string>SOURCE_ROOT</string>
			</dict>
			<key>B266578FC55D23BFEBC042E7</key>
			<dict>
				<key>fileRef</key>
				<string>ECF8674C7975F1063C5E30CA</string>
				<key>isa</key>
				<string>PBXBuildFile</string>
			</dict>
			<key>ECF8674C7975F1063C5E30CA</key>
			<dict>
				<key>explicitFileType</key>
				<string>sourcecode.cpp.cpp</string>
				<key>fileEncoding</key>
				<string>30</string>
				<key>isa</key>
				<string>PBXFileReference</string>
				<key>name</key>
				<string>ofxGuiGroup.cpp</string>
				<key>path</key>
				<string>../../../addons/ofxGui/src/ofxGuiGroup.cpp</string>
				<key>sourceTree</key>
				<string>SOURCE_ROOT</string>
			</dict>
			<key>5CBB2AB3A60F65431D7B555D</key>
			<dict>
				<key>fileRef</key>
				<string>C88333E71C9457E441C33474</string>
				<key>isa</key>
				<string>PBXBuildFile</string>
			</dict>
			<key>C88333E71C9457E441C33474</key>
			<dict>
				<key>explicitFileType</key>
				<string>sourcecode.cpp.cpp</string>
				<key>fileEncoding</key>
				<string>30</string>
				<key>isa</key>
				<string>PBXFileReference</string>
				<key>name</key>
				<string>ofxButton.cpp</string>
				<key>path</key>
				<string>../../../addons/ofxGui/src/ofxButton.cpp</string>
				<key>sourceTree</key>
				<string>SOURCE_ROOT</string>
			</dict>
			<key>1CD33E884D9E3358252E82A1</key>
			<dict>
				<key>fileRef</key>
				<string>907C5B5E104864A2D3A25745</string>
				<key>isa</key>
				<string>PBXBuildFile</string>
			</dict>
			<key>907C5B5E104864A2D3A25745</key>
			<dict>
				<key>explicitFileType</key>
				<string>sourcecode.cpp.cpp</string>
				<key>fileEncoding</key>
				<string>30</string>
				<key>isa</key>
				<string>PBXFileReference</string>
				<key>name</key>
				<string>ofxToggle.cpp</string>
				<key>path</key>
				<string>../../../addons/ofxGui/src/ofxToggle.cpp</string>
				<key>sourceTree</key>
				<string>SOURCE_ROOT</string>
			</dict>
			<key>B56FE57CC35806596D38118C</key>
			<dict>
				<key>fileRef</key>
				<string>802251BAF1B35B1D67B32FD0</string>
				<key>isa</key>
				<string>PBXBuildFile</string>
			</dict>
			<key>802251BAF1B35B1D67B32FD0</key>
			<dict>
				<key>explicitFileType</key>
				<string>sourcecode.cpp.cpp</string>
				<key>fileEncoding</key>
				<string>30</string>
				<key>isa</key>
				<string>PBXFileReference</string>
				<key>name</key>
				<string>ofxSliderGroup.cpp</string>
				<key>path</key>
				<string>../../../addons/ofxGui/src/ofxSliderGroup.cpp</string>
				<key>sourceTree</key>
				<string>SOURCE_ROOT</string>
			</dict>
			<key>856AA354D08AB4B323081444</key>
			<dict>
				<key>fileRef</key>
				<string>9604B925D32EE39065747725</string>
				<key>isa</key>
				<string>PBXBuildFile</string>
			</dict>
			<key>9604B925D32EE39065747725</key>
			<dict>
				<key>explicitFileType</key>
				<string>sourcecode.cpp.cpp</string>
				<key>fileEncoding</key>
				<string>30</string>
				<key>isa</key>
				<string>PBXFileReference</string>
				<key>name</key>
				<string>ofxBaseGui.cpp</string>
				<key>path</key>
				<string>../../../addons/ofxGui/src/ofxBaseGui.cpp</string>
				<key>sourceTree</key>
				<string>SOURCE_ROOT</string>
			</dict>
			<key>A763ED608B35AE3310251DEE</key>
			<dict>
				<key>children</key>
				<array>
					<string>1C0DA2561397A7DE0246858B</string>
					<string>9604B925D32EE39065747725</string>
					<string>802251BAF1B35B1D67B32FD0</string>
					<string>907C5B5E104864A2D3A25745</string>
					<string>C88333E71C9457E441C33474</string>
					<string>ECF8674C7975F1063C5E30CA</string>
					<string>0A1DAC09F322AE313A40706D</string>
					<string>78D67A00EB899FAC09430597</string>
					<string>52AFA1F08C420992CAAAE648</string>
					<string>17E65988300FBD9AAA2CD0CA</string>
					<string>87F26B4B24CBD428AD9EEBAA</string>
					<string>2834D88A62CD23F3DE2C47D1</string>
					<string>B87C60311EC1FE841C1ECD89</string>
					<string>C70D8946940288799E82131E</string>
					<string>E112B3AEBEA2C091BF2B40AE</string>
					<string>15F2C6477A769C03A56D1401</string>
					<string>89449E3044D456F7DE7BEA14</string>
				</array>
				<key>isa</key>
				<string>PBXGroup</string>
				<key>name</key>
				<string>src</string>
				<key>sourceTree</key>
				<string>&lt;group&gt;</string>
			</dict>
			<key>480A780D8D0308AE4A368801</key>
			<dict>
				<key>children</key>
				<array>
					<string>A763ED608B35AE3310251DEE</string>
				</array>
				<key>isa</key>
				<string>PBXGroup</string>
				<key>name</key>
				<string>ofxGui</string>
				<key>sourceTree</key>
				<string>&lt;group&gt;</string>
			</dict>
			<key>1C0DA2561397A7DE0246858B</key>
			<dict>
				<key>explicitFileType</key>
				<string>sourcecode.c.h</string>
				<key>fileEncoding</key>
				<string>30</string>
				<key>isa</key>
				<string>PBXFileReference</string>
				<key>name</key>
				<string>ofxGuiGroup.h</string>
				<key>path</key>
				<string>../../../addons/ofxGui/src/ofxGuiGroup.h</string>
				<key>sourceTree</key>
				<string>SOURCE_ROOT</string>
			</dict>
			<key>9EC3C37BF8CE467539A50535</key>
			<dict>
				<key>fileRef</key>
				<string>8138EC0ABF2CCE04CB94B405</string>
				<key>isa</key>
				<string>PBXBuildFile</string>
			</dict>
			<key>8138EC0ABF2CCE04CB94B405</key>
			<dict>
				<key>explicitFileType</key>
				<string>sourcecode.cpp.cpp</string>
				<key>fileEncoding</key>
				<string>30</string>
				<key>isa</key>
				<string>PBXFileReference</string>
				<key>name</key>
				<string>ofxATK.cpp</string>
				<key>path</key>
				<string>../../../addons/ofxATK-master/libs/ofxATK.cpp</string>
				<key>sourceTree</key>
				<string>SOURCE_ROOT</string>
			</dict>
			<key>46B2D56471569B3434310DEC</key>
			<dict>
				<key>fileRef</key>
				<string>89131A888E8C40AB9530A03B</string>
				<key>isa</key>
				<string>PBXBuildFile</string>
			</dict>
			<key>89131A888E8C40AB9530A03B</key>
			<dict>
				<key>explicitFileType</key>
				<string>sourcecode.cpp.cpp</string>
				<key>fileEncoding</key>
				<string>30</string>
				<key>isa</key>
				<string>PBXFileReference</string>
				<key>name</key>
				<string>AudioFFT.cpp</string>
				<key>path</key>
				<string>../../../addons/ofxATK-master/libs/AudioFFT.cpp</string>
				<key>sourceTree</key>
				<string>SOURCE_ROOT</string>
			</dict>
			<key>7C1343770AC11A3524001798</key>
			<dict>
				<key>fileRef</key>
				<string>5D72D1B0FB1D36D24CAFBFCD</string>
				<key>isa</key>
				<string>PBXBuildFile</string>
			</dict>
			<key>5D72D1B0FB1D36D24CAFBFCD</key>
			<dict>
				<key>explicitFileType</key>
				<string>sourcecode.cpp.cpp</string>
				<key>fileEncoding</key>
				<string>30</string>
				<key>isa</key>
				<string>PBXFileReference</string>
				<key>name</key>
				<string>ofxPortSF.cpp</string>
				<key>path</key>
				<string>../../../addons/ofxATK-master/libs/ofxPortSF.cpp</string>
				<key>sourceTree</key>
				<string>SOURCE_ROOT</string>
			</dict>
			<key>E7D9C5E0475FE7C63DD208C9</key>
			<dict>
				<key>explicitFileType</key>
				<string>sourcecode.c.h</string>
				<key>fileEncoding</key>
				<string>30</string>
				<key>isa</key>
				<string>PBXFileReference</string>
				<key>name</key>
				<string>ATKSettings.hpp</string>
				<key>path</key>
				<string>../../../addons/ofxATK-master/libs/ATKSettings.hpp</string>
				<key>sourceTree</key>
				<string>SOURCE_ROOT</string>
			</dict>
			<key>916F8DB96EBCC130BDD2DA50</key>
			<dict>
				<key>explicitFileType</key>
				<string>sourcecode.c.h</string>
				<key>fileEncoding</key>
				<string>30</string>
				<key>isa</key>
				<string>PBXFileReference</string>
				<key>name</key>
				<string>AudioFFT.h</string>
				<key>path</key>
				<string>../../../addons/ofxATK-master/libs/AudioFFT.h</string>
				<key>sourceTree</key>
				<string>SOURCE_ROOT</string>
			</dict>
			<key>58BA93E0198DFD66A2464CDC</key>
			<dict>
				<key>fileRef</key>
				<string>8D84017C3A34A649D3D6DB98</string>
				<key>isa</key>
				<string>PBXBuildFile</string>
			</dict>
			<key>8D84017C3A34A649D3D6DB98</key>
			<dict>
				<key>explicitFileType</key>
				<string>sourcecode.cpp.cpp</string>
				<key>fileEncoding</key>
				<string>30</string>
				<key>isa</key>
				<string>PBXFileReference</string>
				<key>name</key>
				<string>ATKSettings.cpp</string>
				<key>path</key>
				<string>../../../addons/ofxATK-master/libs/ATKSettings.cpp</string>
				<key>sourceTree</key>
				<string>SOURCE_ROOT</string>
			</dict>
			<key>6E2ECFD0D292AE58ABB73E71</key>
			<dict>
				<key>children</key>
				<array>
					<string>A6C390DD9A077958AB95A3DC</string>
					<string>8D84017C3A34A649D3D6DB98</string>
					<string>916F8DB96EBCC130BDD2DA50</string>
					<string>E7D9C5E0475FE7C63DD208C9</string>
					<string>5D72D1B0FB1D36D24CAFBFCD</string>
					<string>89131A888E8C40AB9530A03B</string>
					<string>8138EC0ABF2CCE04CB94B405</string>
				</array>
				<key>isa</key>
				<string>PBXGroup</string>
				<key>name</key>
				<string>libs</string>
				<key>sourceTree</key>
				<string>&lt;group&gt;</string>
			</dict>
			<key>A6C390DD9A077958AB95A3DC</key>
			<dict>
				<key>explicitFileType</key>
				<string>sourcecode.c.h</string>
				<key>fileEncoding</key>
				<string>30</string>
				<key>isa</key>
				<string>PBXFileReference</string>
				<key>name</key>
				<string>ofxPortSF.hpp</string>
				<key>path</key>
				<string>../../../addons/ofxATK-master/libs/ofxPortSF.hpp</string>
				<key>sourceTree</key>
				<string>SOURCE_ROOT</string>
			</dict>
			<key>DE668713FDBF676C7990E723</key>
			<dict>
				<key>fileRef</key>
				<string>F78E1CAAC90D192052C3BD92</string>
				<key>isa</key>
				<string>PBXBuildFile</string>
			</dict>
			<key>F78E1CAAC90D192052C3BD92</key>
			<dict>
				<key>explicitFileType</key>
				<string>sourcecode.cpp.cpp</string>
				<key>fileEncoding</key>
				<string>30</string>
				<key>isa</key>
				<string>PBXFileReference</string>
				<key>name</key>
				<string>BaseEnvelope.cpp</string>
				<key>path</key>
				<string>../../../addons/ofxATK-master/src/generators/Envelopes/BaseEnvelope.cpp</string>
				<key>sourceTree</key>
				<string>SOURCE_ROOT</string>
			</dict>
			<key>BA9B0A812CAD318E6DCF9B25</key>
			<dict>
				<key>fileRef</key>
				<string>173E3402DF35E27899DF8202</string>
				<key>isa</key>
				<string>PBXBuildFile</string>
			</dict>
			<key>173E3402DF35E27899DF8202</key>
			<dict>
				<key>explicitFileType</key>
				<string>sourcecode.cpp.cpp</string>
				<key>fileEncoding</key>
				<string>30</string>
				<key>isa</key>
				<string>PBXFileReference</string>
				<key>name</key>
				<string>CTEnvelope.cpp</string>
				<key>path</key>
				<string>../../../addons/ofxATK-master/src/generators/Envelopes/CTEnvelope.cpp</string>
				<key>sourceTree</key>
				<string>SOURCE_ROOT</string>
			</dict>
			<key>9CD3CFCD8A078F5363F64B63</key>
			<dict>
				<key>fileRef</key>
				<string>B674A74384213B8CE26BDA5E</string>
				<key>isa</key>
				<string>PBXBuildFile</string>
			</dict>
			<key>B674A74384213B8CE26BDA5E</key>
			<dict>
				<key>explicitFileType</key>
				<string>sourcecode.cpp.cpp</string>
				<key>fileEncoding</key>
				<string>30</string>
				<key>isa</key>
				<string>PBXFileReference</string>
				<key>name</key>
				<string>CREnvelope.cpp</string>
				<key>path</key>
				<string>../../../addons/ofxATK-master/src/generators/Envelopes/CREnvelope.cpp</string>
				<key>sourceTree</key>
				<string>SOURCE_ROOT</string>
			</dict>
			<key>4ECCA26FAC2E1B7D2D5F01F3</key>
			<dict>
				<key>explicitFileType</key>
				<string>sourcecode.c.h</string>
				<key>fileEncoding</key>
				<string>30</string>
				<key>isa</key>
				<string>PBXFileReference</string>
				<key>name</key>
				<string>CREnvelope.hpp</string>
				<key>path</key>
				<string>../../../addons/ofxATK-master/src/generators/Envelopes/CREnvelope.hpp</string>
				<key>sourceTree</key>
				<string>SOURCE_ROOT</string>
			</dict>
			<key>20A6284D7253C4E3EC3016ED</key>
			<dict>
				<key>explicitFileType</key>
				<string>sourcecode.c.h</string>
				<key>fileEncoding</key>
				<string>30</string>
				<key>isa</key>
				<string>PBXFileReference</string>
				<key>name</key>
				<string>BaseEnvelope.hpp</string>
				<key>path</key>
				<string>../../../addons/ofxATK-master/src/generators/Envelopes/BaseEnvelope.hpp</string>
				<key>sourceTree</key>
				<string>SOURCE_ROOT</string>
			</dict>
			<key>ECBDD55536043C05B6732056</key>
			<dict>
				<key>children</key>
				<array>
					<string>05B573C9977128AF0E7EC743</string>
					<string>20A6284D7253C4E3EC3016ED</string>
					<string>4ECCA26FAC2E1B7D2D5F01F3</string>
					<string>B674A74384213B8CE26BDA5E</string>
					<string>173E3402DF35E27899DF8202</string>
					<string>F78E1CAAC90D192052C3BD92</string>
				</array>
				<key>isa</key>
				<string>PBXGroup</string>
				<key>name</key>
				<string>Envelopes</string>
				<key>sourceTree</key>
				<string>&lt;group&gt;</string>
			</dict>
			<key>05B573C9977128AF0E7EC743</key>
			<dict>
				<key>explicitFileType</key>
				<string>sourcecode.c.h</string>
				<key>fileEncoding</key>
				<string>30</string>
				<key>isa</key>
				<string>PBXFileReference</string>
				<key>name</key>
				<string>CTEnvelope.hpp</string>
				<key>path</key>
				<string>../../../addons/ofxATK-master/src/generators/Envelopes/CTEnvelope.hpp</string>
				<key>sourceTree</key>
				<string>SOURCE_ROOT</string>
			</dict>
			<key>DB1E118A424C13F22BC5149A</key>
			<dict>
				<key>explicitFileType</key>
				<string>sourcecode.c.h</string>
				<key>fileEncoding</key>
				<string>30</string>
				<key>isa</key>
				<string>PBXFileReference</string>
				<key>name</key>
				<string>ImpulseGenerators.hpp</string>
				<key>path</key>
				<string>../../../addons/ofxATK-master/src/generators/ImpulseGenerators.hpp</string>
				<key>sourceTree</key>
				<string>SOURCE_ROOT</string>
			</dict>
			<key>130221D32E990E73F36BFED8</key>
			<dict>
				<key>explicitFileType</key>
				<string>sourcecode.c.h</string>
				<key>fileEncoding</key>
				<string>30</string>
				<key>isa</key>
				<string>PBXFileReference</string>
				<key>name</key>
				<string>Windows.hpp</string>
				<key>path</key>
				<string>../../../addons/ofxATK-master/src/generators/Windows.hpp</string>
				<key>sourceTree</key>
				<string>SOURCE_ROOT</string>
			</dict>
			<key>48D92A69E85C20D243A48A9B</key>
			<dict>
				<key>explicitFileType</key>
				<string>sourcecode.c.h</string>
				<key>fileEncoding</key>
				<string>30</string>
				<key>isa</key>
				<string>PBXFileReference</string>
				<key>name</key>
				<string>Noise.hpp</string>
				<key>path</key>
				<string>../../../addons/ofxATK-master/src/generators/Noise.hpp</string>
				<key>sourceTree</key>
				<string>SOURCE_ROOT</string>
			</dict>
			<key>C88B4C76AA25F840EF7E24DD</key>
			<dict>
				<key>fileRef</key>
				<string>4C98F972332B4CF8EA2FC3FE</string>
				<key>isa</key>
				<string>PBXBuildFile</string>
			</dict>
			<key>4C98F972332B4CF8EA2FC3FE</key>
			<dict>
				<key>explicitFileType</key>
				<string>sourcecode.cpp.cpp</string>
				<key>fileEncoding</key>
				<string>30</string>
				<key>isa</key>
				<string>PBXFileReference</string>
				<key>name</key>
				<string>Noise.cpp</string>
				<key>path</key>
				<string>../../../addons/ofxATK-master/src/generators/Noise.cpp</string>
				<key>sourceTree</key>
				<string>SOURCE_ROOT</string>
			</dict>
			<key>E2F17A86420987BC5B3748CB</key>
			<dict>
				<key>fileRef</key>
				<string>CC6AF4E016BAFF9B4EF99F57</string>
				<key>isa</key>
				<string>PBXBuildFile</string>
			</dict>
			<key>CC6AF4E016BAFF9B4EF99F57</key>
			<dict>
				<key>explicitFileType</key>
				<string>sourcecode.cpp.cpp</string>
				<key>fileEncoding</key>
				<string>30</string>
				<key>isa</key>
				<string>PBXFileReference</string>
				<key>name</key>
				<string>TrivialOscillators.cpp</string>
				<key>path</key>
				<string>../../../addons/ofxATK-master/src/generators/Oscillators/TrivialOscillators.cpp</string>
				<key>sourceTree</key>
				<string>SOURCE_ROOT</string>
			</dict>
			<key>E50430645A386112C64C4105</key>
			<dict>
				<key>explicitFileType</key>
				<string>sourcecode.c.h</string>
				<key>fileEncoding</key>
				<string>30</string>
				<key>isa</key>
				<string>PBXFileReference</string>
				<key>name</key>
				<string>WavetableOscillators.hpp</string>
				<key>path</key>
				<string>../../../addons/ofxATK-master/src/generators/Oscillators/WavetableOscillators.hpp</string>
				<key>sourceTree</key>
				<string>SOURCE_ROOT</string>
			</dict>
			<key>0581FEB32C18DB9046B96CDE</key>
			<dict>
				<key>fileRef</key>
				<string>2466534ADF5EF1BE381A2376</string>
				<key>isa</key>
				<string>PBXBuildFile</string>
			</dict>
			<key>2466534ADF5EF1BE381A2376</key>
			<dict>
				<key>explicitFileType</key>
				<string>sourcecode.cpp.cpp</string>
				<key>fileEncoding</key>
				<string>30</string>
				<key>isa</key>
				<string>PBXFileReference</string>
				<key>name</key>
				<string>WavetableGeneration.cpp</string>
				<key>path</key>
				<string>../../../addons/ofxATK-master/src/generators/Oscillators/WavetableGeneration.cpp</string>
				<key>sourceTree</key>
				<string>SOURCE_ROOT</string>
			</dict>
			<key>D04A4FFCB05708DC677CE3A1</key>
			<dict>
				<key>explicitFileType</key>
				<string>sourcecode.c.h</string>
				<key>fileEncoding</key>
				<string>30</string>
				<key>isa</key>
				<string>PBXFileReference</string>
				<key>name</key>
				<string>BaseOscillator.hpp</string>
				<key>path</key>
				<string>../../../addons/ofxATK-master/src/generators/Oscillators/BaseOscillator.hpp</string>
				<key>sourceTree</key>
				<string>SOURCE_ROOT</string>
			</dict>
			<key>785AFD5461E385FA76EB2B30</key>
			<dict>
				<key>explicitFileType</key>
				<string>sourcecode.c.h</string>
				<key>fileEncoding</key>
				<string>30</string>
				<key>isa</key>
				<string>PBXFileReference</string>
				<key>name</key>
				<string>WavetableGeneration.hpp</string>
				<key>path</key>
				<string>../../../addons/ofxATK-master/src/generators/Oscillators/WavetableGeneration.hpp</string>
				<key>sourceTree</key>
				<string>SOURCE_ROOT</string>
			</dict>
			<key>D60074C32CC308E58917D3CF</key>
			<dict>
				<key>fileRef</key>
				<string>D9FE7CEC483A38B9065472F2</string>
				<key>isa</key>
				<string>PBXBuildFile</string>
			</dict>
			<key>D9FE7CEC483A38B9065472F2</key>
			<dict>
				<key>explicitFileType</key>
				<string>sourcecode.cpp.cpp</string>
				<key>fileEncoding</key>
				<string>30</string>
				<key>isa</key>
				<string>PBXFileReference</string>
				<key>name</key>
				<string>BaseOscillator.cpp</string>
				<key>path</key>
				<string>../../../addons/ofxATK-master/src/generators/Oscillators/BaseOscillator.cpp</string>
				<key>sourceTree</key>
				<string>SOURCE_ROOT</string>
			</dict>
			<key>6D87268FEE7B0EA8D74ACDAF</key>
			<dict>
				<key>explicitFileType</key>
				<string>sourcecode.c.h</string>
				<key>fileEncoding</key>
				<string>30</string>
				<key>isa</key>
				<string>PBXFileReference</string>
				<key>name</key>
				<string>TrivialOscillators.hpp</string>
				<key>path</key>
				<string>../../../addons/ofxATK-master/src/generators/Oscillators/TrivialOscillators.hpp</string>
				<key>sourceTree</key>
				<string>SOURCE_ROOT</string>
			</dict>
			<key>34C8D7EA2E49156EEFE3D9AC</key>
			<dict>
				<key>children</key>
				<array>
					<string>483ECFFC57B34068705C6D51</string>
					<string>6D87268FEE7B0EA8D74ACDAF</string>
					<string>D9FE7CEC483A38B9065472F2</string>
					<string>785AFD5461E385FA76EB2B30</string>
					<string>D04A4FFCB05708DC677CE3A1</string>
					<string>2466534ADF5EF1BE381A2376</string>
					<string>E50430645A386112C64C4105</string>
					<string>CC6AF4E016BAFF9B4EF99F57</string>
				</array>
				<key>isa</key>
				<string>PBXGroup</string>
				<key>name</key>
				<string>Oscillators</string>
				<key>sourceTree</key>
				<string>&lt;group&gt;</string>
			</dict>
			<key>E3380694F6D74DAD98CBFC9D</key>
			<dict>
				<key>fileRef</key>
				<string>483ECFFC57B34068705C6D51</string>
				<key>isa</key>
				<string>PBXBuildFile</string>
			</dict>
			<key>483ECFFC57B34068705C6D51</key>
			<dict>
				<key>explicitFileType</key>
				<string>sourcecode.cpp.cpp</string>
				<key>fileEncoding</key>
				<string>30</string>
				<key>isa</key>
				<string>PBXFileReference</string>
				<key>name</key>
				<string>WavetableOscillators.cpp</string>
				<key>path</key>
				<string>../../../addons/ofxATK-master/src/generators/Oscillators/WavetableOscillators.cpp</string>
				<key>sourceTree</key>
				<string>SOURCE_ROOT</string>
			</dict>
			<key>62AB5ACFE54F35776076C848</key>
			<dict>
				<key>children</key>
				<array>
					<string>DE72F4A93F18376D45273941</string>
					<string>34C8D7EA2E49156EEFE3D9AC</string>
					<string>4C98F972332B4CF8EA2FC3FE</string>
					<string>48D92A69E85C20D243A48A9B</string>
					<string>130221D32E990E73F36BFED8</string>
					<string>DB1E118A424C13F22BC5149A</string>
					<string>ECBDD55536043C05B6732056</string>
				</array>
				<key>isa</key>
				<string>PBXGroup</string>
				<key>name</key>
				<string>generators</string>
				<key>sourceTree</key>
				<string>&lt;group&gt;</string>
			</dict>
			<key>2D249CEE64501E573F6F2406</key>
			<dict>
				<key>fileRef</key>
				<string>DE72F4A93F18376D45273941</string>
				<key>isa</key>
				<string>PBXBuildFile</string>
			</dict>
			<key>DE72F4A93F18376D45273941</key>
			<dict>
				<key>explicitFileType</key>
				<string>sourcecode.cpp.cpp</string>
				<key>fileEncoding</key>
				<string>30</string>
				<key>isa</key>
				<string>PBXFileReference</string>
				<key>name</key>
				<string>ImpulseGenerators.cpp</string>
				<key>path</key>
				<string>../../../addons/ofxATK-master/src/generators/ImpulseGenerators.cpp</string>
				<key>sourceTree</key>
				<string>SOURCE_ROOT</string>
			</dict>
			<key>517A91F725F7BB3BBE69F652</key>
			<dict>
				<key>fileRef</key>
				<string>4F24E3FBD8259DD45BADC4F2</string>
				<key>isa</key>
				<string>PBXBuildFile</string>
			</dict>
			<key>4F24E3FBD8259DD45BADC4F2</key>
			<dict>
				<key>explicitFileType</key>
				<string>sourcecode.cpp.cpp</string>
				<key>fileEncoding</key>
				<string>30</string>
				<key>isa</key>
				<string>PBXFileReference</string>
				<key>name</key>
				<string>TapInTapOut.cpp</string>
				<key>path</key>
				<string>../../../addons/ofxATK-master/src/utilities/TapInTapOut.cpp</string>
				<key>sourceTree</key>
				<string>SOURCE_ROOT</string>
			</dict>
			<key>EFD2B752EE7A135FA8D4DE83</key>
			<dict>
				<key>explicitFileType</key>
				<string>sourcecode.c.h</string>
				<key>fileEncoding</key>
				<string>30</string>
				<key>isa</key>
				<string>PBXFileReference</string>
				<key>name</key>
				<string>SoundFile.hpp</string>
				<key>path</key>
				<string>../../../addons/ofxATK-master/src/utilities/SoundFile.hpp</string>
				<key>sourceTree</key>
				<string>SOURCE_ROOT</string>
			</dict>
			<key>8101BBC5A8ED5485417897B9</key>
			<dict>
				<key>fileRef</key>
				<string>523EEDD7A189E5E209BBFAD6</string>
				<key>isa</key>
				<string>PBXBuildFile</string>
			</dict>
			<key>523EEDD7A189E5E209BBFAD6</key>
			<dict>
				<key>explicitFileType</key>
				<string>sourcecode.cpp.cpp</string>
				<key>fileEncoding</key>
				<string>30</string>
				<key>isa</key>
				<string>PBXFileReference</string>
				<key>name</key>
				<string>Oscilliscope.cpp</string>
				<key>path</key>
				<string>../../../addons/ofxATK-master/src/utilities/Oscilliscope.cpp</string>
				<key>sourceTree</key>
				<string>SOURCE_ROOT</string>
			</dict>
			<key>264E4A87D89D01D6E2F638A8</key>
			<dict>
				<key>fileRef</key>
				<string>1B280086E8CE0CE60BD579EE</string>
				<key>isa</key>
				<string>PBXBuildFile</string>
			</dict>
			<key>1B280086E8CE0CE60BD579EE</key>
			<dict>
				<key>explicitFileType</key>
				<string>sourcecode.cpp.cpp</string>
				<key>fileEncoding</key>
				<string>30</string>
				<key>isa</key>
				<string>PBXFileReference</string>
				<key>name</key>
				<string>Spectroscope.cpp</string>
				<key>path</key>
				<string>../../../addons/ofxATK-master/src/utilities/Spectroscope.cpp</string>
				<key>sourceTree</key>
				<string>SOURCE_ROOT</string>
			</dict>
			<key>742625A890721DAF2224015A</key>
			<dict>
				<key>explicitFileType</key>
				<string>sourcecode.c.h</string>
				<key>fileEncoding</key>
				<string>30</string>
				<key>isa</key>
				<string>PBXFileReference</string>
				<key>name</key>
				<string>Miscellaneous.hpp</string>
				<key>path</key>
				<string>../../../addons/ofxATK-master/src/utilities/Miscellaneous.hpp</string>
				<key>sourceTree</key>
				<string>SOURCE_ROOT</string>
			</dict>
			<key>186DF2EBC7F90F06ACF07F05</key>
			<dict>
				<key>explicitFileType</key>
				<string>sourcecode.c.h</string>
				<key>fileEncoding</key>
				<string>30</string>
				<key>isa</key>
				<string>PBXFileReference</string>
				<key>name</key>
				<string>Smoother.hpp</string>
				<key>path</key>
				<string>../../../addons/ofxATK-master/src/utilities/Smoother.hpp</string>
				<key>sourceTree</key>
				<string>SOURCE_ROOT</string>
			</dict>
			<key>8FD9FE87B90F9671947AD861</key>
			<dict>
				<key>fileRef</key>
				<string>F112BB953F1F61A636818A28</string>
				<key>isa</key>
				<string>PBXBuildFile</string>
			</dict>
			<key>F112BB953F1F61A636818A28</key>
			<dict>
				<key>explicitFileType</key>
				<string>sourcecode.cpp.cpp</string>
				<key>fileEncoding</key>
				<string>30</string>
				<key>isa</key>
				<string>PBXFileReference</string>
				<key>name</key>
				<string>Spatialization.cpp</string>
				<key>path</key>
				<string>../../../addons/ofxATK-master/src/utilities/Spatialization.cpp</string>
				<key>sourceTree</key>
				<string>SOURCE_ROOT</string>
			</dict>
			<key>6D54355B731DB19BD963948D</key>
			<dict>
				<key>explicitFileType</key>
				<string>sourcecode.c.h</string>
				<key>fileEncoding</key>
				<string>30</string>
				<key>isa</key>
				<string>PBXFileReference</string>
				<key>name</key>
				<string>RecordAudio.hpp</string>
				<key>path</key>
				<string>../../../addons/ofxATK-master/src/utilities/RecordAudio.hpp</string>
				<key>sourceTree</key>
				<string>SOURCE_ROOT</string>
			</dict>
			<key>EE0C9AAEC70AD30507621F3D</key>
			<dict>
				<key>fileRef</key>
				<string>1B82EFC114BCEC8231A653C1</string>
				<key>isa</key>
				<string>PBXBuildFile</string>
			</dict>
			<key>1B82EFC114BCEC8231A653C1</key>
			<dict>
				<key>explicitFileType</key>
				<string>sourcecode.cpp.cpp</string>
				<key>fileEncoding</key>
				<string>30</string>
				<key>isa</key>
				<string>PBXFileReference</string>
				<key>name</key>
				<string>SoundPlayer.cpp</string>
				<key>path</key>
				<string>../../../addons/ofxATK-master/src/utilities/SoundPlayer.cpp</string>
				<key>sourceTree</key>
				<string>SOURCE_ROOT</string>
			</dict>
			<key>1142F5DD9CA0D3F6F104173B</key>
			<dict>
				<key>fileRef</key>
				<string>AED4AC37088424BD69735D1E</string>
				<key>isa</key>
				<string>PBXBuildFile</string>
			</dict>
			<key>AED4AC37088424BD69735D1E</key>
			<dict>
				<key>explicitFileType</key>
				<string>sourcecode.cpp.cpp</string>
				<key>fileEncoding</key>
				<string>30</string>
				<key>isa</key>
				<string>PBXFileReference</string>
				<key>name</key>
				<string>Meters.cpp</string>
				<key>path</key>
				<string>../../../addons/ofxATK-master/src/utilities/Meters.cpp</string>
				<key>sourceTree</key>
				<string>SOURCE_ROOT</string>
			</dict>
			<key>78F02599EC9AF384F0D3F06B</key>
			<dict>
				<key>fileRef</key>
				<string>5BA4208BEA36BE87B45DA713</string>
				<key>isa</key>
				<string>PBXBuildFile</string>
			</dict>
			<key>5BA4208BEA36BE87B45DA713</key>
			<dict>
				<key>explicitFileType</key>
				<string>sourcecode.cpp.cpp</string>
				<key>fileEncoding</key>
				<string>30</string>
				<key>isa</key>
				<string>PBXFileReference</string>
				<key>name</key>
				<string>Interpolation.cpp</string>
				<key>path</key>
				<string>../../../addons/ofxATK-master/src/utilities/Interpolation.cpp</string>
				<key>sourceTree</key>
				<string>SOURCE_ROOT</string>
			</dict>
			<key>17A6592506EDC497EF17B89F</key>
			<dict>
				<key>explicitFileType</key>
				<string>sourcecode.c.h</string>
				<key>fileEncoding</key>
				<string>30</string>
				<key>isa</key>
				<string>PBXFileReference</string>
				<key>name</key>
				<string>Spatialization.hpp</string>
				<key>path</key>
				<string>../../../addons/ofxATK-master/src/utilities/Spatialization.hpp</string>
				<key>sourceTree</key>
				<string>SOURCE_ROOT</string>
			</dict>
			<key>46556248055372E5DF9DCF24</key>
			<dict>
				<key>fileRef</key>
				<string>D33A7D04FB6AD33623570082</string>
				<key>isa</key>
				<string>PBXBuildFile</string>
			</dict>
			<key>D33A7D04FB6AD33623570082</key>
			<dict>
				<key>explicitFileType</key>
				<string>sourcecode.cpp.cpp</string>
				<key>fileEncoding</key>
				<string>30</string>
				<key>isa</key>
				<string>PBXFileReference</string>
				<key>name</key>
				<string>Smoother.cpp</string>
				<key>path</key>
				<string>../../../addons/ofxATK-master/src/utilities/Smoother.cpp</string>
				<key>sourceTree</key>
				<string>SOURCE_ROOT</string>
			</dict>
			<key>81761376BEC4FBF22EE542F2</key>
			<dict>
				<key>fileRef</key>
				<string>6F0C60B2AAB1270390EC8DD4</string>
				<key>isa</key>
				<string>PBXBuildFile</string>
			</dict>
			<key>6F0C60B2AAB1270390EC8DD4</key>
			<dict>
				<key>explicitFileType</key>
				<string>sourcecode.cpp.cpp</string>
				<key>fileEncoding</key>
				<string>30</string>
				<key>isa</key>
				<string>PBXFileReference</string>
				<key>name</key>
				<string>RecordAudio.cpp</string>
				<key>path</key>
				<string>../../../addons/ofxATK-master/src/utilities/RecordAudio.cpp</string>
				<key>sourceTree</key>
				<string>SOURCE_ROOT</string>
			</dict>
			<key>03B63465B7B23FF09A8B8020</key>
			<dict>
				<key>explicitFileType</key>
				<string>sourcecode.c.h</string>
				<key>fileEncoding</key>
				<string>30</string>
				<key>isa</key>
				<string>PBXFileReference</string>
				<key>name</key>
				<string>SoundPlayer.hpp</string>
				<key>path</key>
				<string>../../../addons/ofxATK-master/src/utilities/SoundPlayer.hpp</string>
				<key>sourceTree</key>
				<string>SOURCE_ROOT</string>
			</dict>
			<key>927AED15C707856B33AD44F1</key>
			<dict>
				<key>explicitFileType</key>
				<string>sourcecode.c.h</string>
				<key>fileEncoding</key>
				<string>30</string>
				<key>isa</key>
				<string>PBXFileReference</string>
				<key>name</key>
				<string>Meters.hpp</string>
				<key>path</key>
				<string>../../../addons/ofxATK-master/src/utilities/Meters.hpp</string>
				<key>sourceTree</key>
				<string>SOURCE_ROOT</string>
			</dict>
			<key>87493F5BFE59C6B10481108B</key>
			<dict>
				<key>explicitFileType</key>
				<string>sourcecode.c.h</string>
				<key>fileEncoding</key>
				<string>30</string>
				<key>isa</key>
				<string>PBXFileReference</string>
				<key>name</key>
				<string>Interpolation.hpp</string>
				<key>path</key>
				<string>../../../addons/ofxATK-master/src/utilities/Interpolation.hpp</string>
				<key>sourceTree</key>
				<string>SOURCE_ROOT</string>
			</dict>
			<key>3459B86E022926F6E728368E</key>
			<dict>
				<key>explicitFileType</key>
				<string>sourcecode.c.h</string>
				<key>fileEncoding</key>
				<string>30</string>
				<key>isa</key>
				<string>PBXFileReference</string>
				<key>name</key>
				<string>TapInTapOut.hpp</string>
				<key>path</key>
				<string>../../../addons/ofxATK-master/src/utilities/TapInTapOut.hpp</string>
				<key>sourceTree</key>
				<string>SOURCE_ROOT</string>
			</dict>
			<key>9AA55060D8D347F770C37DDE</key>
			<dict>
				<key>fileRef</key>
				<string>BD7A1FD40582ED0360C15B94</string>
				<key>isa</key>
				<string>PBXBuildFile</string>
			</dict>
			<key>BD7A1FD40582ED0360C15B94</key>
			<dict>
				<key>explicitFileType</key>
				<string>sourcecode.cpp.cpp</string>
				<key>fileEncoding</key>
				<string>30</string>
				<key>isa</key>
				<string>PBXFileReference</string>
				<key>name</key>
				<string>SoundFile.cpp</string>
				<key>path</key>
				<string>../../../addons/ofxATK-master/src/utilities/SoundFile.cpp</string>
				<key>sourceTree</key>
				<string>SOURCE_ROOT</string>
			</dict>
			<key>6CCE2F825FE738D47460C6EA</key>
			<dict>
				<key>explicitFileType</key>
				<string>sourcecode.c.h</string>
				<key>fileEncoding</key>
				<string>30</string>
				<key>isa</key>
				<string>PBXFileReference</string>
				<key>name</key>
				<string>Oscilliscope.hpp</string>
				<key>path</key>
				<string>../../../addons/ofxATK-master/src/utilities/Oscilliscope.hpp</string>
				<key>sourceTree</key>
				<string>SOURCE_ROOT</string>
			</dict>
			<key>9BAC0EDE86F4E73433534A0C</key>
			<dict>
				<key>explicitFileType</key>
				<string>sourcecode.c.h</string>
				<key>fileEncoding</key>
				<string>30</string>
				<key>isa</key>
				<string>PBXFileReference</string>
				<key>name</key>
				<string>Spectroscope.hpp</string>
				<key>path</key>
				<string>../../../addons/ofxATK-master/src/utilities/Spectroscope.hpp</string>
				<key>sourceTree</key>
				<string>SOURCE_ROOT</string>
			</dict>
			<key>9B2375F82DE046F766DEABB6</key>
			<dict>
				<key>children</key>
				<array>
					<string>8B1D1723A52218EA4384E185</string>
					<string>9BAC0EDE86F4E73433534A0C</string>
					<string>6CCE2F825FE738D47460C6EA</string>
					<string>BD7A1FD40582ED0360C15B94</string>
					<string>3459B86E022926F6E728368E</string>
					<string>87493F5BFE59C6B10481108B</string>
					<string>927AED15C707856B33AD44F1</string>
					<string>03B63465B7B23FF09A8B8020</string>
					<string>6F0C60B2AAB1270390EC8DD4</string>
					<string>D33A7D04FB6AD33623570082</string>
					<string>17A6592506EDC497EF17B89F</string>
					<string>5BA4208BEA36BE87B45DA713</string>
					<string>AED4AC37088424BD69735D1E</string>
					<string>1B82EFC114BCEC8231A653C1</string>
					<string>6D54355B731DB19BD963948D</string>
					<string>F112BB953F1F61A636818A28</string>
					<string>186DF2EBC7F90F06ACF07F05</string>
					<string>742625A890721DAF2224015A</string>
					<string>1B280086E8CE0CE60BD579EE</string>
					<string>523EEDD7A189E5E209BBFAD6</string>
					<string>EFD2B752EE7A135FA8D4DE83</string>
					<string>4F24E3FBD8259DD45BADC4F2</string>
				</array>
				<key>isa</key>
				<string>PBXGroup</string>
				<key>name</key>
				<string>utilities</string>
				<key>sourceTree</key>
				<string>&lt;group&gt;</string>
			</dict>
			<key>3D71DC60927AFEAB8789D413</key>
			<dict>
				<key>fileRef</key>
				<string>8B1D1723A52218EA4384E185</string>
				<key>isa</key>
				<string>PBXBuildFile</string>
			</dict>
			<key>8B1D1723A52218EA4384E185</key>
			<dict>
				<key>explicitFileType</key>
				<string>sourcecode.cpp.cpp</string>
				<key>fileEncoding</key>
				<string>30</string>
				<key>isa</key>
				<string>PBXFileReference</string>
				<key>name</key>
				<string>Miscellaneous.cpp</string>
				<key>path</key>
				<string>../../../addons/ofxATK-master/src/utilities/Miscellaneous.cpp</string>
				<key>sourceTree</key>
				<string>SOURCE_ROOT</string>
			</dict>
			<key>EBA256472454D02AE25AFF67</key>
			<dict>
				<key>explicitFileType</key>
				<string>sourcecode.c.h</string>
				<key>fileEncoding</key>
				<string>30</string>
				<key>isa</key>
				<string>PBXFileReference</string>
				<key>name</key>
				<string>ofxATK.hpp</string>
				<key>path</key>
				<string>../../../addons/ofxATK-master/src/ofxATK.hpp</string>
				<key>sourceTree</key>
				<string>SOURCE_ROOT</string>
			</dict>
			<key>C62A40B10A79A291602CB27B</key>
			<dict>
				<key>fileRef</key>
				<string>32EE11127ED54728DE217140</string>
				<key>isa</key>
				<string>PBXBuildFile</string>
			</dict>
			<key>32EE11127ED54728DE217140</key>
			<dict>
				<key>explicitFileType</key>
				<string>sourcecode.cpp.cpp</string>
				<key>fileEncoding</key>
				<string>30</string>
				<key>isa</key>
				<string>PBXFileReference</string>
				<key>name</key>
				<string>Filters.cpp</string>
				<key>path</key>
				<string>../../../addons/ofxATK-master/src/modifiers/Filters.cpp</string>
				<key>sourceTree</key>
				<string>SOURCE_ROOT</string>
			</dict>
			<key>098D66BCDFD3F9135DDAA52E</key>
			<dict>
				<key>explicitFileType</key>
				<string>sourcecode.c.h</string>
				<key>fileEncoding</key>
				<string>30</string>
				<key>isa</key>
				<string>PBXFileReference</string>
				<key>name</key>
				<string>CombFilter.hpp</string>
				<key>path</key>
				<string>../../../addons/ofxATK-master/src/modifiers/DelayBased/CombFilter.hpp</string>
				<key>sourceTree</key>
				<string>SOURCE_ROOT</string>
			</dict>
			<key>A38A24E97CE4B4E89748C5F2</key>
			<dict>
				<key>children</key>
				<array>
					<string>6CB4959DC96E66350CCC2FBF</string>
					<string>098D66BCDFD3F9135DDAA52E</string>
				</array>
				<key>isa</key>
				<string>PBXGroup</string>
				<key>name</key>
				<string>DelayBased</string>
				<key>sourceTree</key>
				<string>&lt;group&gt;</string>
			</dict>
			<key>6CB4959DC96E66350CCC2FBF</key>
			<dict>
				<key>explicitFileType</key>
				<string>sourcecode.c.h</string>
				<key>fileEncoding</key>
				<string>30</string>
				<key>isa</key>
				<string>PBXFileReference</string>
				<key>name</key>
				<string>AllPassFilter.hpp</string>
				<key>path</key>
				<string>../../../addons/ofxATK-master/src/modifiers/DelayBased/AllPassFilter.hpp</string>
				<key>sourceTree</key>
				<string>SOURCE_ROOT</string>
			</dict>
			<key>BB4EACBAE15F937310D23AEE</key>
			<dict>
				<key>fileRef</key>
				<string>91FF59A8D6518A1E991F1389</string>
				<key>isa</key>
				<string>PBXBuildFile</string>
			</dict>
			<key>91FF59A8D6518A1E991F1389</key>
			<dict>
				<key>explicitFileType</key>
				<string>sourcecode.cpp.cpp</string>
				<key>fileEncoding</key>
				<string>30</string>
				<key>isa</key>
				<string>PBXFileReference</string>
				<key>name</key>
				<string>Reverb.cpp</string>
				<key>path</key>
				<string>../../../addons/ofxATK-master/src/modifiers/Reverb.cpp</string>
				<key>sourceTree</key>
				<string>SOURCE_ROOT</string>
			</dict>
			<key>B6BFBF02DD4626B86B74033C</key>
			<dict>
				<key>fileRef</key>
				<string>69D4E93B7DA0108639BC8E16</string>
				<key>isa</key>
				<string>PBXBuildFile</string>
			</dict>
			<key>69D4E93B7DA0108639BC8E16</key>
			<dict>
				<key>explicitFileType</key>
				<string>sourcecode.cpp.cpp</string>
				<key>fileEncoding</key>
				<string>30</string>
				<key>isa</key>
				<string>PBXFileReference</string>
				<key>name</key>
				<string>Biquad.cpp</string>
				<key>path</key>
				<string>../../../addons/ofxATK-master/src/modifiers/Biquad.cpp</string>
				<key>sourceTree</key>
				<string>SOURCE_ROOT</string>
			</dict>
			<key>0E27686B1A891D330E6D3223</key>
			<dict>
				<key>explicitFileType</key>
				<string>sourcecode.c.h</string>
				<key>fileEncoding</key>
				<string>30</string>
				<key>isa</key>
				<string>PBXFileReference</string>
				<key>name</key>
				<string>Reverb.hpp</string>
				<key>path</key>
				<string>../../../addons/ofxATK-master/src/modifiers/Reverb.hpp</string>
				<key>sourceTree</key>
				<string>SOURCE_ROOT</string>
			</dict>
			<key>D432239723DE4E6512469C91</key>
			<dict>
				<key>explicitFileType</key>
				<string>sourcecode.c.h</string>
				<key>fileEncoding</key>
				<string>30</string>
				<key>isa</key>
				<string>PBXFileReference</string>
				<key>name</key>
				<string>Biquad.hpp</string>
				<key>path</key>
				<string>../../../addons/ofxATK-master/src/modifiers/Biquad.hpp</string>
				<key>sourceTree</key>
				<string>SOURCE_ROOT</string>
			</dict>
			<key>51AF6739BA04A0BAE6E9011E</key>
			<dict>
				<key>children</key>
				<array>
					<string>92EA7B55826CACA873BD2B9F</string>
					<string>D432239723DE4E6512469C91</string>
					<string>0E27686B1A891D330E6D3223</string>
					<string>69D4E93B7DA0108639BC8E16</string>
					<string>91FF59A8D6518A1E991F1389</string>
					<string>A38A24E97CE4B4E89748C5F2</string>
					<string>32EE11127ED54728DE217140</string>
				</array>
				<key>isa</key>
				<string>PBXGroup</string>
				<key>name</key>
				<string>modifiers</string>
				<key>sourceTree</key>
				<string>&lt;group&gt;</string>
			</dict>
			<key>EC0A2E6F97A3D580FD7155D6</key>
			<dict>
				<key>children</key>
				<array>
					<string>51AF6739BA04A0BAE6E9011E</string>
					<string>EBA256472454D02AE25AFF67</string>
					<string>9B2375F82DE046F766DEABB6</string>
					<string>62AB5ACFE54F35776076C848</string>
				</array>
				<key>isa</key>
				<string>PBXGroup</string>
				<key>name</key>
				<string>src</string>
				<key>sourceTree</key>
				<string>&lt;group&gt;</string>
			</dict>
			<key>0A7683B2680F4BACFEDFAA47</key>
			<dict>
				<key>children</key>
				<array>
					<string>EC0A2E6F97A3D580FD7155D6</string>
					<string>6E2ECFD0D292AE58ABB73E71</string>
				</array>
				<key>isa</key>
				<string>PBXGroup</string>
				<key>name</key>
				<string>ofxATK-master</string>
				<key>sourceTree</key>
				<string>&lt;group&gt;</string>
			</dict>
			<key>92EA7B55826CACA873BD2B9F</key>
			<dict>
				<key>explicitFileType</key>
				<string>sourcecode.c.h</string>
				<key>fileEncoding</key>
				<string>30</string>
				<key>isa</key>
				<string>PBXFileReference</string>
				<key>name</key>
				<string>Filters.hpp</string>
				<key>path</key>
				<string>../../../addons/ofxATK-master/src/modifiers/Filters.hpp</string>
				<key>sourceTree</key>
				<string>SOURCE_ROOT</string>
			</dict>
			<key>6948EE371B920CB800B5AC1A</key>
			<dict>
				<key>children</key>
				<array />
				<key>isa</key>
				<string>PBXGroup</string>
				<key>name</key>
				<string>local_addons</string>
				<key>sourceTree</key>
				<string>&lt;group&gt;</string>
			</dict>
			<key>BB4B014C10F69532006C3DED</key>
			<dict>
				<key>children</key>
				<array>
					<string>0A7683B2680F4BACFEDFAA47</string>
					<string>480A780D8D0308AE4A368801</string>
					<string>CC8CFC3787B72BBDC9835809</string>
				</array>
				<key>isa</key>
				<string>PBXGroup</string>
				<key>name</key>
				<string>addons</string>
				<key>sourceTree</key>
				<string>&lt;group&gt;</string>
			</dict>
			<key>E4328143138ABC890047C5CB</key>
			<dict>
				<key>isa</key>
				<string>PBXFileReference</string>
				<key>lastKnownFileType</key>
				<string>wrapper.pb-project</string>
				<key>name</key>
				<string>openFrameworksLib.xcodeproj</string>
				<key>path</key>
				<string>../../../libs/openFrameworksCompiled/project/osx/openFrameworksLib.xcodeproj</string>
				<key>sourceTree</key>
				<string>SOURCE_ROOT</string>
			</dict>
			<key>E4328144138ABC890047C5CB</key>
			<dict>
				<key>children</key>
				<array>
					<string>E4328148138ABC890047C5CB</string>
				</array>
				<key>isa</key>
				<string>PBXGroup</string>
				<key>name</key>
				<string>Products</string>
				<key>sourceTree</key>
				<string>&lt;group&gt;</string>
			</dict>
			<key>E4328147138ABC890047C5CB</key>
			<dict>
				<key>containerPortal</key>
				<string>E4328143138ABC890047C5CB</string>
				<key>isa</key>
				<string>PBXContainerItemProxy</string>
				<key>proxyType</key>
				<string>2</string>
				<key>remoteGlobalIDString</key>
				<string>E4B27C1510CBEB8E00536013</string>
				<key>remoteInfo</key>
				<string>openFrameworks</string>
			</dict>
			<key>E4328148138ABC890047C5CB</key>
			<dict>
				<key>fileType</key>
				<string>archive.ar</string>
				<key>isa</key>
				<string>PBXReferenceProxy</string>
				<key>path</key>
				<string>openFrameworksDebug.a</string>
				<key>remoteRef</key>
				<string>E4328147138ABC890047C5CB</string>
				<key>sourceTree</key>
				<string>BUILT_PRODUCTS_DIR</string>
			</dict>
			<key>E4328149138ABC9F0047C5CB</key>
			<dict>
				<key>fileRef</key>
				<string>E4328148138ABC890047C5CB</string>
				<key>isa</key>
				<string>PBXBuildFile</string>
			</dict>
			<key>E4B69B4A0A3A1720003C02F2</key>
			<dict>
				<key>children</key>
				<array>
					<string>E4B6FCAD0C3E899E008CF71C</string>
					<string>E4EB6923138AFD0F00A09F29</string>
					<string>E4B69E1C0A3A1BDC003C02F2</string>
					<string>E4EEC9E9138DF44700A80321</string>
					<string>BB4B014C10F69532006C3DED</string>
					<string>6948EE371B920CB800B5AC1A</string>
					<string>E4B69B5B0A3A1756003C02F2</string>
				</array>
				<key>isa</key>
				<string>PBXGroup</string>
				<key>sourceTree</key>
				<string>&lt;group&gt;</string>
			</dict>
			<key>E4B69B4C0A3A1720003C02F2</key>
			<dict>
				<key>attributes</key>
				<dict>
					<key>LastUpgradeCheck</key>
					<string>0600</string>
				</dict>
				<key>buildConfigurationList</key>
				<string>E4B69B4D0A3A1720003C02F2</string>
				<key>compatibilityVersion</key>
				<string>Xcode 3.2</string>
				<key>developmentRegion</key>
				<string>English</string>
				<key>hasScannedForEncodings</key>
				<string>0</string>
				<key>isa</key>
				<string>PBXProject</string>
				<key>knownRegions</key>
				<array>
					<string>English</string>
					<string>Japanese</string>
					<string>French</string>
					<string>German</string>
				</array>
				<key>mainGroup</key>
				<string>E4B69B4A0A3A1720003C02F2</string>
				<key>productRefGroup</key>
				<string>E4B69B4A0A3A1720003C02F2</string>
				<key>projectDirPath</key>
				<string />
				<key>projectReferences</key>
				<array>
					<dict>
						<key>ProductGroup</key>
						<string>E4328144138ABC890047C5CB</string>
						<key>ProjectRef</key>
						<string>E4328143138ABC890047C5CB</string>
					</dict>
				</array>
				<key>projectRoot</key>
				<string />
				<key>targets</key>
				<array>
					<string>E4B69B5A0A3A1756003C02F2</string>
				</array>
			</dict>
			<key>E4B69B4D0A3A1720003C02F2</key>
			<dict>
				<key>buildConfigurations</key>
				<array>
					<string>E4B69B4E0A3A1720003C02F2</string>
					<string>E4B69B4F0A3A1720003C02F2</string>
				</array>
				<key>defaultConfigurationIsVisible</key>
				<string>0</string>
				<key>defaultConfigurationName</key>
				<string>Release</string>
				<key>isa</key>
				<string>XCConfigurationList</string>
			</dict>
			<key>E4B69B4E0A3A1720003C02F2</key>
			<dict>
				<key>baseConfigurationReference</key>
				<string>E4EB6923138AFD0F00A09F29</string>
				<key>buildSettings</key>
				<dict>
					<key>HEADER_SEARCH_PATHS</key>
					<array>
						<string>$(OF_CORE_HEADERS)</string>
						<string>../../../addons/ofxATK-master/libs</string>
						<string>../../../addons/ofxATK-master/src</string>
						<string>../../../addons/ofxATK-master/src/generators</string>
						<string>../../../addons/ofxATK-master/src/generators/Envelopes</string>
						<string>../../../addons/ofxATK-master/src/generators/Oscillators</string>
						<string>../../../addons/ofxATK-master/src/modifiers</string>
						<string>../../../addons/ofxATK-master/src/modifiers/DelayBased</string>
						<string>../../../addons/ofxATK-master/src/utilities</string>
						<string>../../../addons/ofxGui/src</string>
						<string>../../../addons/ofxMidi-master/libs</string>
						<string>../../../addons/ofxMidi-master/libs/pgmidi</string>
						<string>../../../addons/ofxMidi-master/libs/rtmidi</string>
						<string>../../../addons/ofxMidi-master/src</string>
						<string>../../../addons/ofxMidi-master/src/desktop</string>
						<string>../../../addons/ofxMidi-master/src/ios</string>
					</array>
					<key>CONFIGURATION_BUILD_DIR</key>
					<string>$(SRCROOT)/bin/</string>
					<key>COPY_PHASE_STRIP</key>
					<string>NO</string>
					<key>DEAD_CODE_STRIPPING</key>
					<string>YES</string>
					<key>GCC_AUTO_VECTORIZATION</key>
					<string>YES</string>
					<key>GCC_ENABLE_SSE3_EXTENSIONS</key>
					<string>YES</string>
					<key>GCC_ENABLE_SUPPLEMENTAL_SSE3_INSTRUCTIONS</key>
					<string>YES</string>
					<key>GCC_INLINES_ARE_PRIVATE_EXTERN</key>
					<string>NO</string>
					<key>GCC_OPTIMIZATION_LEVEL</key>
					<string>0</string>
					<key>GCC_SYMBOLS_PRIVATE_EXTERN</key>
					<string>NO</string>
					<key>GCC_WARN_ABOUT_DEPRECATED_FUNCTIONS</key>
					<string>YES</string>
					<key>GCC_WARN_ABOUT_INVALID_OFFSETOF_MACRO</key>
					<string>NO</string>
					<key>GCC_WARN_ALLOW_INCOMPLETE_PROTOCOL</key>
					<string>NO</string>
					<key>GCC_WARN_UNINITIALIZED_AUTOS</key>
					<string>NO</string>
					<key>GCC_WARN_UNUSED_VALUE</key>
					<string>NO</string>
					<key>GCC_WARN_UNUSED_VARIABLE</key>
					<string>NO</string>
					<key>MACOSX_DEPLOYMENT_TARGET</key>
					<string>10.8</string>
					<key>ONLY_ACTIVE_ARCH</key>
					<string>YES</string>
					<key>OTHER_CPLUSPLUSFLAGS</key>
					<array>
						<string>-D__MACOSX_CORE__</string>
						<string>-mtune=native</string>
					</array>
					<key>SDKROOT</key>
					<string>macosx</string>
				</dict>
				<key>isa</key>
				<string>XCBuildConfiguration</string>
				<key>name</key>
				<string>Debug</string>
			</dict>
			<key>E4B69B4F0A3A1720003C02F2</key>
			<dict>
				<key>baseConfigurationReference</key>
				<string>E4EB6923138AFD0F00A09F29</string>
				<key>buildSettings</key>
				<dict>
					<key>HEADER_SEARCH_PATHS</key>
					<array>
						<string>$(OF_CORE_HEADERS)</string>
						<string>../../../addons/ofxATK-master/libs</string>
						<string>../../../addons/ofxATK-master/src</string>
						<string>../../../addons/ofxATK-master/src/generators</string>
						<string>../../../addons/ofxATK-master/src/generators/Envelopes</string>
						<string>../../../addons/ofxATK-master/src/generators/Oscillators</string>
						<string>../../../addons/ofxATK-master/src/modifiers</string>
						<string>../../../addons/ofxATK-master/src/modifiers/DelayBased</string>
						<string>../../../addons/ofxATK-master/src/utilities</string>
						<string>../../../addons/ofxGui/src</string>
						<string>../../../addons/ofxMidi-master/libs</string>
						<string>../../../addons/ofxMidi-master/libs/pgmidi</string>
						<string>../../../addons/ofxMidi-master/libs/rtmidi</string>
						<string>../../../addons/ofxMidi-master/src</string>
						<string>../../../addons/ofxMidi-master/src/desktop</string>
						<string>../../../addons/ofxMidi-master/src/ios</string>
					</array>
					<key>CONFIGURATION_BUILD_DIR</key>
					<string>$(SRCROOT)/bin/</string>
					<key>COPY_PHASE_STRIP</key>
					<string>YES</string>
					<key>DEAD_CODE_STRIPPING</key>
					<string>YES</string>
					<key>GCC_AUTO_VECTORIZATION</key>
					<string>YES</string>
					<key>GCC_ENABLE_SSE3_EXTENSIONS</key>
					<string>YES</string>
					<key>GCC_ENABLE_SUPPLEMENTAL_SSE3_INSTRUCTIONS</key>
					<string>YES</string>
					<key>GCC_INLINES_ARE_PRIVATE_EXTERN</key>
					<string>NO</string>
					<key>GCC_OPTIMIZATION_LEVEL</key>
					<string>3</string>
					<key>GCC_SYMBOLS_PRIVATE_EXTERN</key>
					<string>NO</string>
					<key>GCC_UNROLL_LOOPS</key>
					<string>YES</string>
					<key>GCC_WARN_ABOUT_DEPRECATED_FUNCTIONS</key>
					<string>YES</string>
					<key>GCC_WARN_ABOUT_INVALID_OFFSETOF_MACRO</key>
					<string>NO</string>
					<key>GCC_WARN_ALLOW_INCOMPLETE_PROTOCOL</key>
					<string>NO</string>
					<key>GCC_WARN_UNINITIALIZED_AUTOS</key>
					<string>NO</string>
					<key>GCC_WARN_UNUSED_VALUE</key>
					<string>NO</string>
					<key>GCC_WARN_UNUSED_VARIABLE</key>
					<string>NO</string>
					<key>MACOSX_DEPLOYMENT_TARGET</key>
					<string>10.8</string>
					<key>OTHER_CPLUSPLUSFLAGS</key>
					<array>
						<string>-D__MACOSX_CORE__</string>
						<string>-mtune=native</string>
					</array>
					<key>SDKROOT</key>
					<string>macosx</string>
				</dict>
				<key>isa</key>
				<string>XCBuildConfiguration</string>
				<key>name</key>
				<string>Release</string>
			</dict>
			<key>E4B69B580A3A1756003C02F2</key>
			<dict>
				<key>buildActionMask</key>
				<string>2147483647</string>
				<key>files</key>
				<array>
					<string>E4B69E200A3A1BDC003C02F2</string>
					<string>E4B69E210A3A1BDC003C02F2</string>
					<string>B6BFBF02DD4626B86B74033C</string>
					<string>BB4EACBAE15F937310D23AEE</string>
					<string>C62A40B10A79A291602CB27B</string>
					<string>3D71DC60927AFEAB8789D413</string>
					<string>9AA55060D8D347F770C37DDE</string>
					<string>81761376BEC4FBF22EE542F2</string>
					<string>46556248055372E5DF9DCF24</string>
					<string>78F02599EC9AF384F0D3F06B</string>
					<string>1142F5DD9CA0D3F6F104173B</string>
					<string>EE0C9AAEC70AD30507621F3D</string>
					<string>8FD9FE87B90F9671947AD861</string>
					<string>264E4A87D89D01D6E2F638A8</string>
					<string>8101BBC5A8ED5485417897B9</string>
					<string>517A91F725F7BB3BBE69F652</string>
					<string>2D249CEE64501E573F6F2406</string>
					<string>E3380694F6D74DAD98CBFC9D</string>
					<string>D60074C32CC308E58917D3CF</string>
					<string>0581FEB32C18DB9046B96CDE</string>
					<string>E2F17A86420987BC5B3748CB</string>
					<string>C88B4C76AA25F840EF7E24DD</string>
					<string>9CD3CFCD8A078F5363F64B63</string>
					<string>BA9B0A812CAD318E6DCF9B25</string>
					<string>DE668713FDBF676C7990E723</string>
					<string>58BA93E0198DFD66A2464CDC</string>
					<string>7C1343770AC11A3524001798</string>
					<string>46B2D56471569B3434310DEC</string>
					<string>9EC3C37BF8CE467539A50535</string>
					<string>856AA354D08AB4B323081444</string>
					<string>B56FE57CC35806596D38118C</string>
					<string>1CD33E884D9E3358252E82A1</string>
					<string>5CBB2AB3A60F65431D7B555D</string>
					<string>B266578FC55D23BFEBC042E7</string>
					<string>483908258D00B98B4BE69F07</string>
					<string>F285EB3169F1566CA3D93C20</string>
					<string>837220E80EB56CD44AD27F2A</string>
					<string>DB0A4D1FB83A4FC7194CDCFE</string>
					<string>6DC563FE343B01CB8D57915B</string>
					<string>22BFC38F7AF15A550BD91456</string>
					<string>8F01E049C62677A8022A3F1B</string>
					<string>DE71C850A75409E1032D6A97</string>
					<string>0A3696FA2E2AE14389882FE7</string>
					<string>BDE4C97101D98167CB95703E</string>
					<string>9E981C12572F9DB6844352B5</string>
				</array>
				<key>isa</key>
				<string>PBXSourcesBuildPhase</string>
				<key>runOnlyForDeploymentPostprocessing</key>
				<string>0</string>
			</dict>
			<key>E4B69B590A3A1756003C02F2</key>
			<dict>
				<key>buildActionMask</key>
				<string>2147483647</string>
				<key>files</key>
				<array>
					<string>E4328149138ABC9F0047C5CB</string>
					<string>631702104AFC104323A9EB79</string>
				</array>
				<key>isa</key>
				<string>PBXFrameworksBuildPhase</string>
				<key>runOnlyForDeploymentPostprocessing</key>
				<string>0</string>
			</dict>
			<key>E4B69B5A0A3A1756003C02F2</key>
			<dict>
				<key>buildConfigurationList</key>
				<string>E4B69B5F0A3A1757003C02F2</string>
				<key>buildPhases</key>
				<array>
					<string>E4B69B580A3A1756003C02F2</string>
					<string>E4B69B590A3A1756003C02F2</string>
					<string>E4B6FFFD0C3F9AB9008CF71C</string>
					<string>E4C2427710CC5ABF004149E2</string>
				</array>
				<key>buildRules</key>
				<array />
				<key>dependencies</key>
				<array>
					<string>E4EEB9AC138B136A00A80321</string>
				</array>
				<key>isa</key>
				<string>PBXNativeTarget</string>
				<key>name</key>
				<string>CombinedGuitarMIDI</string>
				<key>productName</key>
				<string>myOFApp</string>
				<key>productReference</key>
				<string>E4B69B5B0A3A1756003C02F2</string>
				<key>productType</key>
				<string>com.apple.product-type.application</string>
			</dict>
			<key>E4B69B5B0A3A1756003C02F2</key>
			<dict>
				<key>explicitFileType</key>
				<string>wrapper.application</string>
				<key>includeInIndex</key>
				<string>0</string>
				<key>isa</key>
				<string>PBXFileReference</string>
				<key>path</key>
				<string>CombinedGuitarMIDIDebug.app</string>
				<key>sourceTree</key>
				<string>BUILT_PRODUCTS_DIR</string>
			</dict>
			<key>E4B69B5F0A3A1757003C02F2</key>
			<dict>
				<key>buildConfigurations</key>
				<array>
					<string>E4B69B600A3A1757003C02F2</string>
					<string>E4B69B610A3A1757003C02F2</string>
				</array>
				<key>defaultConfigurationIsVisible</key>
				<string>0</string>
				<key>defaultConfigurationName</key>
				<string>Release</string>
				<key>isa</key>
				<string>XCConfigurationList</string>
			</dict>
			<key>E4B69B600A3A1757003C02F2</key>
			<dict>
				<key>baseConfigurationReference</key>
				<string>E4EB6923138AFD0F00A09F29</string>
				<key>buildSettings</key>
				<dict>
					<key>HEADER_SEARCH_PATHS</key>
					<array>
						<string>$(OF_CORE_HEADERS)</string>
						<string>../../../addons/ofxATK-master/libs</string>
						<string>../../../addons/ofxATK-master/src</string>
						<string>../../../addons/ofxATK-master/src/generators</string>
						<string>../../../addons/ofxATK-master/src/generators/Envelopes</string>
						<string>../../../addons/ofxATK-master/src/generators/Oscillators</string>
						<string>../../../addons/ofxATK-master/src/modifiers</string>
						<string>../../../addons/ofxATK-master/src/modifiers/DelayBased</string>
						<string>../../../addons/ofxATK-master/src/utilities</string>
						<string>../../../addons/ofxGui/src</string>
						<string>../../../addons/ofxMidi-master/libs</string>
						<string>../../../addons/ofxMidi-master/libs/pgmidi</string>
						<string>../../../addons/ofxMidi-master/libs/rtmidi</string>
						<string>../../../addons/ofxMidi-master/src</string>
						<string>../../../addons/ofxMidi-master/src/desktop</string>
						<string>../../../addons/ofxMidi-master/src/ios</string>
					</array>
					<key>COMBINE_HIDPI_IMAGES</key>
					<string>YES</string>
					<key>COPY_PHASE_STRIP</key>
					<string>NO</string>
					<key>FRAMEWORK_SEARCH_PATHS</key>
					<array>
						<string>$(inherited)</string>
						<string>$(FRAMEWORK_SEARCH_PATHS_QUOTED_FOR_TARGET_1)</string>
						<string>/System/Library/Frameworks</string>
					</array>
					<key>FRAMEWORK_SEARCH_PATHS_QUOTED_FOR_TARGET_1</key>
					<string>"$(SRCROOT)/../../../libs/glut/lib/osx"</string>
					<key>GCC_DYNAMIC_NO_PIC</key>
					<string>NO</string>
					<key>GCC_GENERATE_DEBUGGING_SYMBOLS</key>
					<string>YES</string>
					<key>GCC_MODEL_TUNING</key>
					<string>NONE</string>
					<key>ICON</key>
					<string>$(ICON_NAME_DEBUG)</string>
					<key>ICON_FILE</key>
					<string>$(ICON_FILE_PATH)$(ICON)</string>
					<key>INFOPLIST_FILE</key>
					<string>openFrameworks-Info.plist</string>
					<key>INSTALL_PATH</key>
					<string>/Applications</string>
					<key>LIBRARY_SEARCH_PATHS</key>
					<string>$(inherited)</string>
					<key>PRODUCT_NAME</key>
					<string>$(TARGET_NAME)Debug</string>
					<key>WRAPPER_EXTENSION</key>
					<string>app</string>
				</dict>
				<key>isa</key>
				<string>XCBuildConfiguration</string>
				<key>name</key>
				<string>Debug</string>
			</dict>
			<key>E4B69B610A3A1757003C02F2</key>
			<dict>
				<key>baseConfigurationReference</key>
				<string>E4EB6923138AFD0F00A09F29</string>
				<key>buildSettings</key>
				<dict>
					<key>HEADER_SEARCH_PATHS</key>
					<array>
						<string>$(OF_CORE_HEADERS)</string>
						<string>../../../addons/ofxATK-master/libs</string>
						<string>../../../addons/ofxATK-master/src</string>
						<string>../../../addons/ofxATK-master/src/generators</string>
						<string>../../../addons/ofxATK-master/src/generators/Envelopes</string>
						<string>../../../addons/ofxATK-master/src/generators/Oscillators</string>
						<string>../../../addons/ofxATK-master/src/modifiers</string>
						<string>../../../addons/ofxATK-master/src/modifiers/DelayBased</string>
						<string>../../../addons/ofxATK-master/src/utilities</string>
						<string>../../../addons/ofxGui/src</string>
						<string>../../../addons/ofxMidi-master/libs</string>
						<string>../../../addons/ofxMidi-master/libs/pgmidi</string>
						<string>../../../addons/ofxMidi-master/libs/rtmidi</string>
						<string>../../../addons/ofxMidi-master/src</string>
						<string>../../../addons/ofxMidi-master/src/desktop</string>
						<string>../../../addons/ofxMidi-master/src/ios</string>
					</array>
					<key>COMBINE_HIDPI_IMAGES</key>
					<string>YES</string>
					<key>COPY_PHASE_STRIP</key>
					<string>YES</string>
					<key>FRAMEWORK_SEARCH_PATHS</key>
					<array>
						<string>$(inherited)</string>
						<string>$(FRAMEWORK_SEARCH_PATHS_QUOTED_FOR_TARGET_1)</string>
						<string>/System/Library/Frameworks</string>
					</array>
					<key>FRAMEWORK_SEARCH_PATHS_QUOTED_FOR_TARGET_1</key>
					<string>"$(SRCROOT)/../../../libs/glut/lib/osx"</string>
					<key>GCC_GENERATE_DEBUGGING_SYMBOLS</key>
					<string>YES</string>
					<key>GCC_MODEL_TUNING</key>
					<string>NONE</string>
					<key>ICON</key>
					<string>$(ICON_NAME_RELEASE)</string>
					<key>ICON_FILE</key>
					<string>$(ICON_FILE_PATH)$(ICON)</string>
					<key>INFOPLIST_FILE</key>
					<string>openFrameworks-Info.plist</string>
					<key>INSTALL_PATH</key>
					<string>/Applications</string>
					<key>LIBRARY_SEARCH_PATHS</key>
					<string>$(inherited)</string>
					<key>PRODUCT_NAME</key>
					<string>$(TARGET_NAME)</string>
					<key>WRAPPER_EXTENSION</key>
					<string>app</string>
					<key>baseConfigurationReference</key>
					<string>E4EB6923138AFD0F00A09F29</string>
				</dict>
				<key>isa</key>
				<string>XCBuildConfiguration</string>
				<key>name</key>
				<string>Release</string>
			</dict>
			<key>E4B69E1C0A3A1BDC003C02F2</key>
			<dict>
				<key>children</key>
				<array>
					<string>E4B69E1D0A3A1BDC003C02F2</string>
					<string>E4B69E1E0A3A1BDC003C02F2</string>
					<string>E4B69E1F0A3A1BDC003C02F2</string>
				</array>
				<key>isa</key>
				<string>PBXGroup</string>
				<key>path</key>
				<string>src</string>
				<key>sourceTree</key>
				<string>SOURCE_ROOT</string>
			</dict>
			<key>E4B69E1D0A3A1BDC003C02F2</key>
			<dict>
				<key>fileEncoding</key>
				<string>30</string>
				<key>isa</key>
				<string>PBXFileReference</string>
				<key>lastKnownFileType</key>
				<string>sourcecode.cpp.cpp</string>
				<key>name</key>
				<string>main.cpp</string>
				<key>path</key>
				<string>src/main.cpp</string>
				<key>sourceTree</key>
				<string>SOURCE_ROOT</string>
			</dict>
			<key>E4B69E1E0A3A1BDC003C02F2</key>
			<dict>
				<key>explicitFileType</key>
				<string>sourcecode.cpp.cpp</string>
				<key>fileEncoding</key>
				<string>30</string>
				<key>isa</key>
				<string>PBXFileReference</string>
				<key>name</key>
				<string>ofApp.cpp</string>
				<key>path</key>
				<string>src/ofApp.cpp</string>
				<key>sourceTree</key>
				<string>SOURCE_ROOT</string>
			</dict>
			<key>E4B69E1F0A3A1BDC003C02F2</key>
			<dict>
				<key>fileEncoding</key>
				<string>30</string>
				<key>isa</key>
				<string>PBXFileReference</string>
				<key>lastKnownFileType</key>
				<string>sourcecode.c.h</string>
				<key>name</key>
				<string>ofApp.h</string>
				<key>path</key>
				<string>src/ofApp.h</string>
				<key>sourceTree</key>
				<string>SOURCE_ROOT</string>
			</dict>
			<key>E4B69E200A3A1BDC003C02F2</key>
			<dict>
				<key>fileRef</key>
				<string>E4B69E1D0A3A1BDC003C02F2</string>
				<key>isa</key>
				<string>PBXBuildFile</string>
			</dict>
			<key>E4B69E210A3A1BDC003C02F2</key>
			<dict>
				<key>fileRef</key>
				<string>E4B69E1E0A3A1BDC003C02F2</string>
				<key>isa</key>
				<string>PBXBuildFile</string>
			</dict>
			<key>E4B6FCAD0C3E899E008CF71C</key>
			<dict>
				<key>fileEncoding</key>
				<string>30</string>
				<key>isa</key>
				<string>PBXFileReference</string>
				<key>lastKnownFileType</key>
				<string>text.plist.xml</string>
				<key>path</key>
				<string>openFrameworks-Info.plist</string>
				<key>sourceTree</key>
				<string>&lt;group&gt;</string>
			</dict>
			<key>E4B6FFFD0C3F9AB9008CF71C</key>
			<dict>
				<key>buildActionMask</key>
				<string>2147483647</string>
				<key>files</key>
				<array />
				<key>inputPaths</key>
				<array />
				<key>isa</key>
				<string>PBXShellScriptBuildPhase</string>
				<key>outputPaths</key>
				<array />
				<key>runOnlyForDeploymentPostprocessing</key>
				<string>0</string>
				<key>shellPath</key>
				<string>/bin/sh</string>
				<key>shellScript</key>
				<string>mkdir -p "$TARGET_BUILD_DIR/$PRODUCT_NAME.app/Contents/Resources/"
# Copy default icon file into App/Resources
rsync -aved "$ICON_FILE" "$TARGET_BUILD_DIR/$PRODUCT_NAME.app/Contents/Resources/"
# Copy libfmod and change install directory for fmod to run
rsync -aved ../../../libs/fmodex/lib/osx/libfmodex.dylib "$TARGET_BUILD_DIR/$PRODUCT_NAME.app/Contents/Frameworks/";
install_name_tool -change @executable_path/libfmodex.dylib @executable_path/../Frameworks/libfmodex.dylib "$TARGET_BUILD_DIR/$PRODUCT_NAME.app/Contents/MacOS/$PRODUCT_NAME";
# Copy GLUT framework (must remove for AppStore submissions)
rsync -aved ../../../libs/glut/lib/osx/GLUT.framework "$TARGET_BUILD_DIR/$PRODUCT_NAME.app/Contents/Frameworks/"
</string>
			</dict>
			<key>E4C2427710CC5ABF004149E2</key>
			<dict>
				<key>buildActionMask</key>
				<string>2147483647</string>
				<key>dstPath</key>
				<string />
				<key>dstSubfolderSpec</key>
				<string>10</string>
				<key>files</key>
				<array />
				<key>isa</key>
				<string>PBXCopyFilesBuildPhase</string>
				<key>runOnlyForDeploymentPostprocessing</key>
				<string>0</string>
			</dict>
			<key>E4EB691F138AFCF100A09F29</key>
			<dict>
				<key>fileEncoding</key>
				<string>4</string>
				<key>isa</key>
				<string>PBXFileReference</string>
				<key>lastKnownFileType</key>
				<string>text.xcconfig</string>
				<key>name</key>
				<string>CoreOF.xcconfig</string>
				<key>path</key>
				<string>../../../libs/openFrameworksCompiled/project/osx/CoreOF.xcconfig</string>
				<key>sourceTree</key>
				<string>SOURCE_ROOT</string>
			</dict>
			<key>E4EB6923138AFD0F00A09F29</key>
			<dict>
				<key>fileEncoding</key>
				<string>4</string>
				<key>isa</key>
				<string>PBXFileReference</string>
				<key>lastKnownFileType</key>
				<string>text.xcconfig</string>
				<key>path</key>
				<string>Project.xcconfig</string>
				<key>sourceTree</key>
				<string>&lt;group&gt;</string>
			</dict>
			<key>E4EEB9AB138B136A00A80321</key>
			<dict>
				<key>containerPortal</key>
				<string>E4328143138ABC890047C5CB</string>
				<key>isa</key>
				<string>PBXContainerItemProxy</string>
				<key>proxyType</key>
				<string>1</string>
				<key>remoteGlobalIDString</key>
				<string>E4B27C1410CBEB8E00536013</string>
				<key>remoteInfo</key>
				<string>openFrameworks</string>
			</dict>
			<key>E4EEB9AC138B136A00A80321</key>
			<dict>
				<key>isa</key>
				<string>PBXTargetDependency</string>
				<key>name</key>
				<string>openFrameworks</string>
				<key>targetProxy</key>
				<string>E4EEB9AB138B136A00A80321</string>
			</dict>
			<key>E4EEC9E9138DF44700A80321</key>
			<dict>
				<key>children</key>
				<array>
					<string>E4EB691F138AFCF100A09F29</string>
					<string>E4328143138ABC890047C5CB</string>
				</array>
				<key>isa</key>
				<string>PBXGroup</string>
				<key>name</key>
				<string>openFrameworks</string>
				<key>sourceTree</key>
				<string>&lt;group&gt;</string>
			</dict>
		</dict>
		<key>rootObject</key>
		<string>E4B69B4C0A3A1720003C02F2</string>
	</dict>
</plist>
